// !$*UTF8*$!
{
	archiveVersion = 1;
	classes = {
	};
	objectVersion = 46;
	objects = {

/* Begin PBXBuildFile section */
		4C5F1FA11BDE1BAF00358257 /* MMLocationManager.m in Sources */ = {isa = PBXBuildFile; fileRef = 4C5F1FA01BDE1BAF00358257 /* MMLocationManager.m */; };
		8205FE3E1BD68BB400EC838E /* main.m in Sources */ = {isa = PBXBuildFile; fileRef = 8205FE3D1BD68BB400EC838E /* main.m */; };
		8205FE491BD68BB500EC838E /* Assets.xcassets in Resources */ = {isa = PBXBuildFile; fileRef = 8205FE481BD68BB500EC838E /* Assets.xcassets */; };
		82273FD41BDB2A6100AFDEAF /* MCCollectionViewController.m in Sources */ = {isa = PBXBuildFile; fileRef = 82273FC61BDB2A6100AFDEAF /* MCCollectionViewController.m */; };
		82273FD51BDB2A6100AFDEAF /* MCCollectionViewController.xib in Resources */ = {isa = PBXBuildFile; fileRef = 82273FC71BDB2A6100AFDEAF /* MCCollectionViewController.xib */; };
		82273FD61BDB2A6100AFDEAF /* MCNavigationController.m in Sources */ = {isa = PBXBuildFile; fileRef = 82273FC91BDB2A6100AFDEAF /* MCNavigationController.m */; };
		82273FD71BDB2A6100AFDEAF /* MCNavigationController.xib in Resources */ = {isa = PBXBuildFile; fileRef = 82273FCA1BDB2A6100AFDEAF /* MCNavigationController.xib */; };
		82273FD81BDB2A6100AFDEAF /* MCTabBarController.m in Sources */ = {isa = PBXBuildFile; fileRef = 82273FCC1BDB2A6100AFDEAF /* MCTabBarController.m */; };
		82273FD91BDB2A6100AFDEAF /* MCTabBarController.xib in Resources */ = {isa = PBXBuildFile; fileRef = 82273FCD1BDB2A6100AFDEAF /* MCTabBarController.xib */; };
		82273FDA1BDB2A6100AFDEAF /* MCTableViewController.m in Sources */ = {isa = PBXBuildFile; fileRef = 82273FCF1BDB2A6100AFDEAF /* MCTableViewController.m */; };
		82273FDB1BDB2A6100AFDEAF /* MCTableViewController.xib in Resources */ = {isa = PBXBuildFile; fileRef = 82273FD01BDB2A6100AFDEAF /* MCTableViewController.xib */; };
		82273FDC1BDB2A6100AFDEAF /* MCViewController.m in Sources */ = {isa = PBXBuildFile; fileRef = 82273FD21BDB2A6100AFDEAF /* MCViewController.m */; };
		82273FDD1BDB2A6100AFDEAF /* MCViewController.xib in Resources */ = {isa = PBXBuildFile; fileRef = 82273FD31BDB2A6100AFDEAF /* MCViewController.xib */; };
		82273FE01BDB2A8B00AFDEAF /* AppDelegate.m in Sources */ = {isa = PBXBuildFile; fileRef = 82273FDF1BDB2A8B00AFDEAF /* AppDelegate.m */; };
		82273FE51BDB2AB200AFDEAF /* MCRootViewController.m in Sources */ = {isa = PBXBuildFile; fileRef = 82273FE31BDB2AB200AFDEAF /* MCRootViewController.m */; };
		82273FE61BDB2AB200AFDEAF /* MCRootViewController.xib in Resources */ = {isa = PBXBuildFile; fileRef = 82273FE41BDB2AB200AFDEAF /* MCRootViewController.xib */; };
		82273FE81BDB2F7800AFDEAF /* LaunchScreen.storyboard in Resources */ = {isa = PBXBuildFile; fileRef = 82273FE71BDB2F7800AFDEAF /* LaunchScreen.storyboard */; };
		82273FF11BDB395600AFDEAF /* MCWeatherViewController.m in Sources */ = {isa = PBXBuildFile; fileRef = 82273FEF1BDB395600AFDEAF /* MCWeatherViewController.m */; };
		82273FF21BDB395600AFDEAF /* MCWeatherViewController.xib in Resources */ = {isa = PBXBuildFile; fileRef = 82273FF01BDB395600AFDEAF /* MCWeatherViewController.xib */; };
		82273FF61BDB397B00AFDEAF /* MCRootWeatherViewController.m in Sources */ = {isa = PBXBuildFile; fileRef = 82273FF41BDB397B00AFDEAF /* MCRootWeatherViewController.m */; };
		82273FF71BDB397B00AFDEAF /* MCRootWeatherViewController.xib in Resources */ = {isa = PBXBuildFile; fileRef = 82273FF51BDB397B00AFDEAF /* MCRootWeatherViewController.xib */; };
		822E20EE1BD9390E00F41211 /* Main.storyboard in Resources */ = {isa = PBXBuildFile; fileRef = 822E20ED1BD9390E00F41211 /* Main.storyboard */; };
		82EFB6F81BDC8DD1008A978C /* weather_citylist.json in Resources */ = {isa = PBXBuildFile; fileRef = 82EFB6F71BDC8DD1008A978C /* weather_citylist.json */; };
		82EFB6FB1BDC8E4B008A978C /* MCWeatherProvince.m in Sources */ = {isa = PBXBuildFile; fileRef = 82EFB6FA1BDC8E4B008A978C /* MCWeatherProvince.m */; };
		82EFB6FE1BDC8E5B008A978C /* MCWeatherCity.m in Sources */ = {isa = PBXBuildFile; fileRef = 82EFB6FD1BDC8E5B008A978C /* MCWeatherCity.m */; };
		82EFB7011BDC8E6E008A978C /* MCWeatherArea.m in Sources */ = {isa = PBXBuildFile; fileRef = 82EFB7001BDC8E6E008A978C /* MCWeatherArea.m */; };
		82EFB7041BDC91EE008A978C /* MCWeatherManager.m in Sources */ = {isa = PBXBuildFile; fileRef = 82EFB7031BDC91EE008A978C /* MCWeatherManager.m */; };
		82EFB7061BDC9209008A978C /* Weather.storyboard in Resources */ = {isa = PBXBuildFile; fileRef = 82EFB7051BDC9209008A978C /* Weather.storyboard */; };
		82EFB7281BDC9AE7008A978C /* MCDevice.m in Sources */ = {isa = PBXBuildFile; fileRef = 82EFB7161BDC9AE7008A978C /* MCDevice.m */; };
		82EFB72A1BDC9AE7008A978C /* MCDrawImage.m in Sources */ = {isa = PBXBuildFile; fileRef = 82EFB71A1BDC9AE7008A978C /* MCDrawImage.m */; };
		82EFB72B1BDC9AE7008A978C /* MCHTTPConnection.m in Sources */ = {isa = PBXBuildFile; fileRef = 82EFB71C1BDC9AE7008A978C /* MCHTTPConnection.m */; };
		82EFB72C1BDC9AE7008A978C /* MCImageExtension.m in Sources */ = {isa = PBXBuildFile; fileRef = 82EFB71E1BDC9AE7008A978C /* MCImageExtension.m */; };
		A2BE7E7E883B9BA79B3EBD53 /* libPods.a in Frameworks */ = {isa = PBXBuildFile; fileRef = AC339506E995F7AFD8AFAFAD /* libPods.a */; };
/* End PBXBuildFile section */

/* Begin PBXFileReference section */
		4C5F1FA01BDE1BAF00358257 /* MMLocationManager.m */ = {isa = PBXFileReference; fileEncoding = 4; lastKnownFileType = sourcecode.c.objc; path = MMLocationManager.m; sourceTree = "<group>"; };
		4C5F1FA21BDE1BB900358257 /* MMLocationManager.h */ = {isa = PBXFileReference; lastKnownFileType = sourcecode.c.h; path = MMLocationManager.h; sourceTree = "<group>"; };
		8205FE391BD68BB400EC838E /* Tools.app */ = {isa = PBXFileReference; explicitFileType = wrapper.application; includeInIndex = 0; path = Tools.app; sourceTree = BUILT_PRODUCTS_DIR; };
		8205FE3D1BD68BB400EC838E /* main.m */ = {isa = PBXFileReference; lastKnownFileType = sourcecode.c.objc; path = main.m; sourceTree = "<group>"; };
		8205FE481BD68BB500EC838E /* Assets.xcassets */ = {isa = PBXFileReference; lastKnownFileType = folder.assetcatalog; path = Assets.xcassets; sourceTree = "<group>"; };
		8205FE4D1BD68BB500EC838E /* Info.plist */ = {isa = PBXFileReference; lastKnownFileType = text.plist.xml; path = Info.plist; sourceTree = "<group>"; };
		82273FC51BDB2A6100AFDEAF /* MCCollectionViewController.h */ = {isa = PBXFileReference; fileEncoding = 4; lastKnownFileType = sourcecode.c.h; path = MCCollectionViewController.h; sourceTree = "<group>"; };
		82273FC61BDB2A6100AFDEAF /* MCCollectionViewController.m */ = {isa = PBXFileReference; fileEncoding = 4; lastKnownFileType = sourcecode.c.objc; path = MCCollectionViewController.m; sourceTree = "<group>"; };
		82273FC71BDB2A6100AFDEAF /* MCCollectionViewController.xib */ = {isa = PBXFileReference; fileEncoding = 4; lastKnownFileType = file.xib; path = MCCollectionViewController.xib; sourceTree = "<group>"; };
		82273FC81BDB2A6100AFDEAF /* MCNavigationController.h */ = {isa = PBXFileReference; fileEncoding = 4; lastKnownFileType = sourcecode.c.h; path = MCNavigationController.h; sourceTree = "<group>"; };
		82273FC91BDB2A6100AFDEAF /* MCNavigationController.m */ = {isa = PBXFileReference; fileEncoding = 4; lastKnownFileType = sourcecode.c.objc; path = MCNavigationController.m; sourceTree = "<group>"; };
		82273FCA1BDB2A6100AFDEAF /* MCNavigationController.xib */ = {isa = PBXFileReference; fileEncoding = 4; lastKnownFileType = file.xib; path = MCNavigationController.xib; sourceTree = "<group>"; };
		82273FCB1BDB2A6100AFDEAF /* MCTabBarController.h */ = {isa = PBXFileReference; fileEncoding = 4; lastKnownFileType = sourcecode.c.h; path = MCTabBarController.h; sourceTree = "<group>"; };
		82273FCC1BDB2A6100AFDEAF /* MCTabBarController.m */ = {isa = PBXFileReference; fileEncoding = 4; lastKnownFileType = sourcecode.c.objc; path = MCTabBarController.m; sourceTree = "<group>"; };
		82273FCD1BDB2A6100AFDEAF /* MCTabBarController.xib */ = {isa = PBXFileReference; fileEncoding = 4; lastKnownFileType = file.xib; path = MCTabBarController.xib; sourceTree = "<group>"; };
		82273FCE1BDB2A6100AFDEAF /* MCTableViewController.h */ = {isa = PBXFileReference; fileEncoding = 4; lastKnownFileType = sourcecode.c.h; path = MCTableViewController.h; sourceTree = "<group>"; };
		82273FCF1BDB2A6100AFDEAF /* MCTableViewController.m */ = {isa = PBXFileReference; fileEncoding = 4; lastKnownFileType = sourcecode.c.objc; path = MCTableViewController.m; sourceTree = "<group>"; };
		82273FD01BDB2A6100AFDEAF /* MCTableViewController.xib */ = {isa = PBXFileReference; fileEncoding = 4; lastKnownFileType = file.xib; path = MCTableViewController.xib; sourceTree = "<group>"; };
		82273FD11BDB2A6100AFDEAF /* MCViewController.h */ = {isa = PBXFileReference; fileEncoding = 4; lastKnownFileType = sourcecode.c.h; path = MCViewController.h; sourceTree = "<group>"; };
		82273FD21BDB2A6100AFDEAF /* MCViewController.m */ = {isa = PBXFileReference; fileEncoding = 4; lastKnownFileType = sourcecode.c.objc; path = MCViewController.m; sourceTree = "<group>"; };
		82273FD31BDB2A6100AFDEAF /* MCViewController.xib */ = {isa = PBXFileReference; fileEncoding = 4; lastKnownFileType = file.xib; path = MCViewController.xib; sourceTree = "<group>"; };
		82273FDE1BDB2A8B00AFDEAF /* AppDelegate.h */ = {isa = PBXFileReference; fileEncoding = 4; lastKnownFileType = sourcecode.c.h; path = AppDelegate.h; sourceTree = "<group>"; };
		82273FDF1BDB2A8B00AFDEAF /* AppDelegate.m */ = {isa = PBXFileReference; fileEncoding = 4; lastKnownFileType = sourcecode.c.objc; path = AppDelegate.m; sourceTree = "<group>"; };
		82273FE21BDB2AB200AFDEAF /* MCRootViewController.h */ = {isa = PBXFileReference; fileEncoding = 4; lastKnownFileType = sourcecode.c.h; path = MCRootViewController.h; sourceTree = "<group>"; };
		82273FE31BDB2AB200AFDEAF /* MCRootViewController.m */ = {isa = PBXFileReference; fileEncoding = 4; lastKnownFileType = sourcecode.c.objc; path = MCRootViewController.m; sourceTree = "<group>"; };
		82273FE41BDB2AB200AFDEAF /* MCRootViewController.xib */ = {isa = PBXFileReference; fileEncoding = 4; lastKnownFileType = file.xib; path = MCRootViewController.xib; sourceTree = "<group>"; };
		82273FE71BDB2F7800AFDEAF /* LaunchScreen.storyboard */ = {isa = PBXFileReference; fileEncoding = 4; lastKnownFileType = file.storyboard; path = LaunchScreen.storyboard; sourceTree = "<group>"; };
		82273FEE1BDB395600AFDEAF /* MCWeatherViewController.h */ = {isa = PBXFileReference; fileEncoding = 4; lastKnownFileType = sourcecode.c.h; path = MCWeatherViewController.h; sourceTree = "<group>"; };
		82273FEF1BDB395600AFDEAF /* MCWeatherViewController.m */ = {isa = PBXFileReference; fileEncoding = 4; lastKnownFileType = sourcecode.c.objc; path = MCWeatherViewController.m; sourceTree = "<group>"; };
		82273FF01BDB395600AFDEAF /* MCWeatherViewController.xib */ = {isa = PBXFileReference; fileEncoding = 4; lastKnownFileType = file.xib; path = MCWeatherViewController.xib; sourceTree = "<group>"; };
		82273FF31BDB397B00AFDEAF /* MCRootWeatherViewController.h */ = {isa = PBXFileReference; fileEncoding = 4; lastKnownFileType = sourcecode.c.h; path = MCRootWeatherViewController.h; sourceTree = "<group>"; };
		82273FF41BDB397B00AFDEAF /* MCRootWeatherViewController.m */ = {isa = PBXFileReference; fileEncoding = 4; lastKnownFileType = sourcecode.c.objc; path = MCRootWeatherViewController.m; sourceTree = "<group>"; };
		82273FF51BDB397B00AFDEAF /* MCRootWeatherViewController.xib */ = {isa = PBXFileReference; fileEncoding = 4; lastKnownFileType = file.xib; path = MCRootWeatherViewController.xib; sourceTree = "<group>"; };
		822E20ED1BD9390E00F41211 /* Main.storyboard */ = {isa = PBXFileReference; fileEncoding = 4; lastKnownFileType = file.storyboard; path = Main.storyboard; sourceTree = "<group>"; };
		82EFB6F71BDC8DD1008A978C /* weather_citylist.json */ = {isa = PBXFileReference; fileEncoding = 4; lastKnownFileType = text.json; path = weather_citylist.json; sourceTree = "<group>"; };
		82EFB6F91BDC8E4B008A978C /* MCWeatherProvince.h */ = {isa = PBXFileReference; fileEncoding = 4; lastKnownFileType = sourcecode.c.h; path = MCWeatherProvince.h; sourceTree = "<group>"; };
		82EFB6FA1BDC8E4B008A978C /* MCWeatherProvince.m */ = {isa = PBXFileReference; fileEncoding = 4; lastKnownFileType = sourcecode.c.objc; path = MCWeatherProvince.m; sourceTree = "<group>"; };
		82EFB6FC1BDC8E5B008A978C /* MCWeatherCity.h */ = {isa = PBXFileReference; fileEncoding = 4; lastKnownFileType = sourcecode.c.h; path = MCWeatherCity.h; sourceTree = "<group>"; };
		82EFB6FD1BDC8E5B008A978C /* MCWeatherCity.m */ = {isa = PBXFileReference; fileEncoding = 4; lastKnownFileType = sourcecode.c.objc; path = MCWeatherCity.m; sourceTree = "<group>"; };
		82EFB6FF1BDC8E6E008A978C /* MCWeatherArea.h */ = {isa = PBXFileReference; fileEncoding = 4; lastKnownFileType = sourcecode.c.h; path = MCWeatherArea.h; sourceTree = "<group>"; };
		82EFB7001BDC8E6E008A978C /* MCWeatherArea.m */ = {isa = PBXFileReference; fileEncoding = 4; lastKnownFileType = sourcecode.c.objc; path = MCWeatherArea.m; sourceTree = "<group>"; };
		82EFB7021BDC91EE008A978C /* MCWeatherManager.h */ = {isa = PBXFileReference; fileEncoding = 4; lastKnownFileType = sourcecode.c.h; path = MCWeatherManager.h; sourceTree = "<group>"; };
		82EFB7031BDC91EE008A978C /* MCWeatherManager.m */ = {isa = PBXFileReference; fileEncoding = 4; lastKnownFileType = sourcecode.c.objc; path = MCWeatherManager.m; sourceTree = "<group>"; };
		82EFB7051BDC9209008A978C /* Weather.storyboard */ = {isa = PBXFileReference; fileEncoding = 4; lastKnownFileType = file.storyboard; path = Weather.storyboard; sourceTree = "<group>"; };
		82EFB7151BDC9AE7008A978C /* MCDevice.h */ = {isa = PBXFileReference; fileEncoding = 4; lastKnownFileType = sourcecode.c.h; path = MCDevice.h; sourceTree = "<group>"; };
		82EFB7161BDC9AE7008A978C /* MCDevice.m */ = {isa = PBXFileReference; fileEncoding = 4; lastKnownFileType = sourcecode.c.objc; path = MCDevice.m; sourceTree = "<group>"; };
		82EFB7191BDC9AE7008A978C /* MCDrawImage.h */ = {isa = PBXFileReference; fileEncoding = 4; lastKnownFileType = sourcecode.c.h; path = MCDrawImage.h; sourceTree = "<group>"; };
		82EFB71A1BDC9AE7008A978C /* MCDrawImage.m */ = {isa = PBXFileReference; fileEncoding = 4; lastKnownFileType = sourcecode.c.objc; path = MCDrawImage.m; sourceTree = "<group>"; };
		82EFB71B1BDC9AE7008A978C /* MCHTTPConnection.h */ = {isa = PBXFileReference; fileEncoding = 4; lastKnownFileType = sourcecode.c.h; path = MCHTTPConnection.h; sourceTree = "<group>"; };
		82EFB71C1BDC9AE7008A978C /* MCHTTPConnection.m */ = {isa = PBXFileReference; fileEncoding = 4; lastKnownFileType = sourcecode.c.objc; path = MCHTTPConnection.m; sourceTree = "<group>"; };
		82EFB71D1BDC9AE7008A978C /* MCImageExtension.h */ = {isa = PBXFileReference; fileEncoding = 4; lastKnownFileType = sourcecode.c.h; path = MCImageExtension.h; sourceTree = "<group>"; };
		82EFB71E1BDC9AE7008A978C /* MCImageExtension.m */ = {isa = PBXFileReference; fileEncoding = 4; lastKnownFileType = sourcecode.c.objc; path = MCImageExtension.m; sourceTree = "<group>"; };
		82EFB7211BDC9AE7008A978C /* MingleChang.h */ = {isa = PBXFileReference; fileEncoding = 4; lastKnownFileType = sourcecode.c.h; path = MingleChang.h; sourceTree = "<group>"; };
		AC339506E995F7AFD8AFAFAD /* libPods.a */ = {isa = PBXFileReference; explicitFileType = archive.ar; includeInIndex = 0; path = libPods.a; sourceTree = BUILT_PRODUCTS_DIR; };
		BC0553AA50D7379E8A437931 /* Pods.release.xcconfig */ = {isa = PBXFileReference; includeInIndex = 1; lastKnownFileType = text.xcconfig; name = Pods.release.xcconfig; path = "Pods/Target Support Files/Pods/Pods.release.xcconfig"; sourceTree = "<group>"; };
		C6E6F4DCD596D768B5724709 /* Pods.debug.xcconfig */ = {isa = PBXFileReference; includeInIndex = 1; lastKnownFileType = text.xcconfig; name = Pods.debug.xcconfig; path = "Pods/Target Support Files/Pods/Pods.debug.xcconfig"; sourceTree = "<group>"; };
/* End PBXFileReference section */

/* Begin PBXFrameworksBuildPhase section */
		8205FE361BD68BB400EC838E /* Frameworks */ = {
			isa = PBXFrameworksBuildPhase;
			buildActionMask = 2147483647;
			files = (
				A2BE7E7E883B9BA79B3EBD53 /* libPods.a in Frameworks */,
			);
			runOnlyForDeploymentPostprocessing = 0;
		};
/* End PBXFrameworksBuildPhase section */

/* Begin PBXGroup section */
		8205FE301BD68BB400EC838E = {
			isa = PBXGroup;
			children = (
				8205FE3B1BD68BB400EC838E /* Tools */,
				8205FE3A1BD68BB400EC838E /* Products */,
				A366C7F1B83D8A0343408F9E /* Pods */,
				8FD0331F0B03CCEACDF3F8C4 /* Frameworks */,
			);
			sourceTree = "<group>";
		};
		8205FE3A1BD68BB400EC838E /* Products */ = {
			isa = PBXGroup;
			children = (
				8205FE391BD68BB400EC838E /* Tools.app */,
			);
			name = Products;
			sourceTree = "<group>";
		};
		8205FE3B1BD68BB400EC838E /* Tools */ = {
			isa = PBXGroup;
			children = (
				822E20F11BD9394F00F41211 /* Common */,
				82273FA91BDB297D00AFDEAF /* Root */,
				82273FE91BDB347800AFDEAF /* Weather */,
				822E20EC1BD938FB00F41211 /* Resources */,
				8205FE481BD68BB500EC838E /* Assets.xcassets */,
				8205FE3C1BD68BB400EC838E /* Supporting Files */,
			);
			path = Tools;
			sourceTree = "<group>";
		};
		8205FE3C1BD68BB400EC838E /* Supporting Files */ = {
			isa = PBXGroup;
			children = (
				82273FDE1BDB2A8B00AFDEAF /* AppDelegate.h */,
				82273FDF1BDB2A8B00AFDEAF /* AppDelegate.m */,
				8205FE4D1BD68BB500EC838E /* Info.plist */,
				8205FE3D1BD68BB400EC838E /* main.m */,
			);
			name = "Supporting Files";
			sourceTree = "<group>";
		};
		82273FA91BDB297D00AFDEAF /* Root */ = {
			isa = PBXGroup;
			children = (
				82273FE11BDB2A9900AFDEAF /* Controller */,
			);
			path = Root;
			sourceTree = "<group>";
		};
		82273FC41BDB2A6100AFDEAF /* Controller */ = {
			isa = PBXGroup;
			children = (
				82273FC51BDB2A6100AFDEAF /* MCCollectionViewController.h */,
				82273FC61BDB2A6100AFDEAF /* MCCollectionViewController.m */,
				82273FC71BDB2A6100AFDEAF /* MCCollectionViewController.xib */,
				82273FC81BDB2A6100AFDEAF /* MCNavigationController.h */,
				82273FC91BDB2A6100AFDEAF /* MCNavigationController.m */,
				82273FCA1BDB2A6100AFDEAF /* MCNavigationController.xib */,
				82273FCB1BDB2A6100AFDEAF /* MCTabBarController.h */,
				82273FCC1BDB2A6100AFDEAF /* MCTabBarController.m */,
				82273FCD1BDB2A6100AFDEAF /* MCTabBarController.xib */,
				82273FCE1BDB2A6100AFDEAF /* MCTableViewController.h */,
				82273FCF1BDB2A6100AFDEAF /* MCTableViewController.m */,
				82273FD01BDB2A6100AFDEAF /* MCTableViewController.xib */,
				82273FD11BDB2A6100AFDEAF /* MCViewController.h */,
				82273FD21BDB2A6100AFDEAF /* MCViewController.m */,
				82273FD31BDB2A6100AFDEAF /* MCViewController.xib */,
			);
			path = Controller;
			sourceTree = "<group>";
		};
		82273FE11BDB2A9900AFDEAF /* Controller */ = {
			isa = PBXGroup;
			children = (
				82273FE21BDB2AB200AFDEAF /* MCRootViewController.h */,
				82273FE31BDB2AB200AFDEAF /* MCRootViewController.m */,
				82273FE41BDB2AB200AFDEAF /* MCRootViewController.xib */,
			);
			path = Controller;
			sourceTree = "<group>";
		};
		82273FE91BDB347800AFDEAF /* Weather */ = {
			isa = PBXGroup;
			children = (
				82EFB6F61BDC8DB8008A978C /* Resources */,
				82273FEA1BDB347800AFDEAF /* Controller */,
				82273FEB1BDB347800AFDEAF /* Helper */,
				82273FEC1BDB347800AFDEAF /* Model */,
				82273FED1BDB347800AFDEAF /* View */,
			);
			path = Weather;
			sourceTree = "<group>";
		};
		82273FEA1BDB347800AFDEAF /* Controller */ = {
			isa = PBXGroup;
			children = (
				82273FEE1BDB395600AFDEAF /* MCWeatherViewController.h */,
				82273FEF1BDB395600AFDEAF /* MCWeatherViewController.m */,
				82273FF01BDB395600AFDEAF /* MCWeatherViewController.xib */,
				82273FF31BDB397B00AFDEAF /* MCRootWeatherViewController.h */,
				82273FF41BDB397B00AFDEAF /* MCRootWeatherViewController.m */,
				82273FF51BDB397B00AFDEAF /* MCRootWeatherViewController.xib */,
			);
			path = Controller;
			sourceTree = "<group>";
		};
		82273FEB1BDB347800AFDEAF /* Helper */ = {
			isa = PBXGroup;
			children = (
				82EFB7021BDC91EE008A978C /* MCWeatherManager.h */,
				82EFB7031BDC91EE008A978C /* MCWeatherManager.m */,
				4C5F1FA21BDE1BB900358257 /* MMLocationManager.h */,
				4C5F1FA01BDE1BAF00358257 /* MMLocationManager.m */,
			);
			path = Helper;
			sourceTree = "<group>";
		};
		82273FEC1BDB347800AFDEAF /* Model */ = {
			isa = PBXGroup;
			children = (
				82EFB6F91BDC8E4B008A978C /* MCWeatherProvince.h */,
				82EFB6FA1BDC8E4B008A978C /* MCWeatherProvince.m */,
				82EFB6FC1BDC8E5B008A978C /* MCWeatherCity.h */,
				82EFB6FD1BDC8E5B008A978C /* MCWeatherCity.m */,
				82EFB6FF1BDC8E6E008A978C /* MCWeatherArea.h */,
				82EFB7001BDC8E6E008A978C /* MCWeatherArea.m */,
			);
			path = Model;
			sourceTree = "<group>";
		};
		82273FED1BDB347800AFDEAF /* View */ = {
			isa = PBXGroup;
			children = (
			);
			path = View;
			sourceTree = "<group>";
		};
		822E20EC1BD938FB00F41211 /* Resources */ = {
			isa = PBXGroup;
			children = (
				822E20ED1BD9390E00F41211 /* Main.storyboard */,
				82273FE71BDB2F7800AFDEAF /* LaunchScreen.storyboard */,
			);
			path = Resources;
			sourceTree = "<group>";
		};
		822E20F11BD9394F00F41211 /* Common */ = {
			isa = PBXGroup;
			children = (
				82EFB7071BDC9ADB008A978C /* Helper */,
				82273FC41BDB2A6100AFDEAF /* Controller */,
			);
			path = Common;
			sourceTree = "<group>";
		};
		82EFB6F61BDC8DB8008A978C /* Resources */ = {
			isa = PBXGroup;
			children = (
				82EFB6F71BDC8DD1008A978C /* weather_citylist.json */,
				82EFB7051BDC9209008A978C /* Weather.storyboard */,
			);
			name = Resources;
			sourceTree = "<group>";
		};
		82EFB7071BDC9ADB008A978C /* Helper */ = {
			isa = PBXGroup;
			children = (
				82EFB7081BDC9AE7008A978C /* MingleChang */,
			);
			path = Helper;
			sourceTree = "<group>";
		};
		82EFB7081BDC9AE7008A978C /* MingleChang */ = {
			isa = PBXGroup;
			children = (
				82EFB7151BDC9AE7008A978C /* MCDevice.h */,
				82EFB7161BDC9AE7008A978C /* MCDevice.m */,
				82EFB7191BDC9AE7008A978C /* MCDrawImage.h */,
				82EFB71A1BDC9AE7008A978C /* MCDrawImage.m */,
				82EFB71B1BDC9AE7008A978C /* MCHTTPConnection.h */,
				82EFB71C1BDC9AE7008A978C /* MCHTTPConnection.m */,
				82EFB71D1BDC9AE7008A978C /* MCImageExtension.h */,
				82EFB71E1BDC9AE7008A978C /* MCImageExtension.m */,
				82EFB7211BDC9AE7008A978C /* MingleChang.h */,
			);
			path = MingleChang;
			sourceTree = "<group>";
		};
		8FD0331F0B03CCEACDF3F8C4 /* Frameworks */ = {
			isa = PBXGroup;
			children = (
				AC339506E995F7AFD8AFAFAD /* libPods.a */,
			);
			name = Frameworks;
			sourceTree = "<group>";
		};
		A366C7F1B83D8A0343408F9E /* Pods */ = {
			isa = PBXGroup;
			children = (
				C6E6F4DCD596D768B5724709 /* Pods.debug.xcconfig */,
				BC0553AA50D7379E8A437931 /* Pods.release.xcconfig */,
			);
			name = Pods;
			sourceTree = "<group>";
		};
/* End PBXGroup section */

/* Begin PBXNativeTarget section */
		8205FE381BD68BB400EC838E /* Tools */ = {
			isa = PBXNativeTarget;
			buildConfigurationList = 8205FE501BD68BB500EC838E /* Build configuration list for PBXNativeTarget "Tools" */;
			buildPhases = (
				9AAB172982BA8D9D9726F58D /* Check Pods Manifest.lock */,
				8205FE351BD68BB400EC838E /* Sources */,
				8205FE361BD68BB400EC838E /* Frameworks */,
				8205FE371BD68BB400EC838E /* Resources */,
				317EF789F1AF0578DFB1B780 /* Embed Pods Frameworks */,
				1C9324991F283512F65853F9 /* Copy Pods Resources */,
			);
			buildRules = (
			);
			dependencies = (
			);
			name = Tools;
			productName = Tools;
			productReference = 8205FE391BD68BB400EC838E /* Tools.app */;
			productType = "com.apple.product-type.application";
		};
/* End PBXNativeTarget section */

/* Begin PBXProject section */
		8205FE311BD68BB400EC838E /* Project object */ = {
			isa = PBXProject;
			attributes = {
				LastUpgradeCheck = 0700;
				ORGANIZATIONNAME = Mingle;
				TargetAttributes = {
					8205FE381BD68BB400EC838E = {
						CreatedOnToolsVersion = 7.0.1;
					};
				};
			};
			buildConfigurationList = 8205FE341BD68BB400EC838E /* Build configuration list for PBXProject "Tools" */;
			compatibilityVersion = "Xcode 3.2";
			developmentRegion = English;
			hasScannedForEncodings = 0;
			knownRegions = (
				en,
				Base,
			);
			mainGroup = 8205FE301BD68BB400EC838E;
			productRefGroup = 8205FE3A1BD68BB400EC838E /* Products */;
			projectDirPath = "";
			projectRoot = "";
			targets = (
				8205FE381BD68BB400EC838E /* Tools */,
			);
		};
/* End PBXProject section */

/* Begin PBXResourcesBuildPhase section */
		8205FE371BD68BB400EC838E /* Resources */ = {
			isa = PBXResourcesBuildPhase;
			buildActionMask = 2147483647;
			files = (
				82273FDB1BDB2A6100AFDEAF /* MCTableViewController.xib in Resources */,
				82273FF21BDB395600AFDEAF /* MCWeatherViewController.xib in Resources */,
				8205FE491BD68BB500EC838E /* Assets.xcassets in Resources */,
				82273FE81BDB2F7800AFDEAF /* LaunchScreen.storyboard in Resources */,
				82273FE61BDB2AB200AFDEAF /* MCRootViewController.xib in Resources */,
				82EFB6F81BDC8DD1008A978C /* weather_citylist.json in Resources */,
				82273FD51BDB2A6100AFDEAF /* MCCollectionViewController.xib in Resources */,
				82273FDD1BDB2A6100AFDEAF /* MCViewController.xib in Resources */,
				82273FD91BDB2A6100AFDEAF /* MCTabBarController.xib in Resources */,
				82273FD71BDB2A6100AFDEAF /* MCNavigationController.xib in Resources */,
				82EFB7061BDC9209008A978C /* Weather.storyboard in Resources */,
				822E20EE1BD9390E00F41211 /* Main.storyboard in Resources */,
				82273FF71BDB397B00AFDEAF /* MCRootWeatherViewController.xib in Resources */,
			);
			runOnlyForDeploymentPostprocessing = 0;
		};
/* End PBXResourcesBuildPhase section */

/* Begin PBXShellScriptBuildPhase section */
		1C9324991F283512F65853F9 /* Copy Pods Resources */ = {
			isa = PBXShellScriptBuildPhase;
			buildActionMask = 2147483647;
			files = (
			);
			inputPaths = (
			);
			name = "Copy Pods Resources";
			outputPaths = (
			);
			runOnlyForDeploymentPostprocessing = 0;
			shellPath = /bin/sh;
			shellScript = "\"${SRCROOT}/Pods/Target Support Files/Pods/Pods-resources.sh\"\n";
			showEnvVarsInLog = 0;
		};
		317EF789F1AF0578DFB1B780 /* Embed Pods Frameworks */ = {
			isa = PBXShellScriptBuildPhase;
			buildActionMask = 2147483647;
			files = (
			);
			inputPaths = (
			);
			name = "Embed Pods Frameworks";
			outputPaths = (
			);
			runOnlyForDeploymentPostprocessing = 0;
			shellPath = /bin/sh;
			shellScript = "\"${SRCROOT}/Pods/Target Support Files/Pods/Pods-frameworks.sh\"\n";
			showEnvVarsInLog = 0;
		};
		9AAB172982BA8D9D9726F58D /* Check Pods Manifest.lock */ = {
			isa = PBXShellScriptBuildPhase;
			buildActionMask = 2147483647;
			files = (
			);
			inputPaths = (
			);
			name = "Check Pods Manifest.lock";
			outputPaths = (
			);
			runOnlyForDeploymentPostprocessing = 0;
			shellPath = /bin/sh;
			shellScript = "diff \"${PODS_ROOT}/../Podfile.lock\" \"${PODS_ROOT}/Manifest.lock\" > /dev/null\nif [[ $? != 0 ]] ; then\n    cat << EOM\nerror: The sandbox is not in sync with the Podfile.lock. Run 'pod install' or update your CocoaPods installation.\nEOM\n    exit 1\nfi\n";
			showEnvVarsInLog = 0;
		};
/* End PBXShellScriptBuildPhase section */

/* Begin PBXSourcesBuildPhase section */
		8205FE351BD68BB400EC838E /* Sources */ = {
			isa = PBXSourcesBuildPhase;
			buildActionMask = 2147483647;
			files = (
				82273FDC1BDB2A6100AFDEAF /* MCViewController.m in Sources */,
				8205FE3E1BD68BB400EC838E /* main.m in Sources */,
				82273FF11BDB395600AFDEAF /* MCWeatherViewController.m in Sources */,
				82EFB7011BDC8E6E008A978C /* MCWeatherArea.m in Sources */,
				82EFB72B1BDC9AE7008A978C /* MCHTTPConnection.m in Sources */,
				82EFB7281BDC9AE7008A978C /* MCDevice.m in Sources */,
				82273FF61BDB397B00AFDEAF /* MCRootWeatherViewController.m in Sources */,
				82273FD81BDB2A6100AFDEAF /* MCTabBarController.m in Sources */,
				82EFB7041BDC91EE008A978C /* MCWeatherManager.m in Sources */,
				82EFB6FB1BDC8E4B008A978C /* MCWeatherProvince.m in Sources */,
				82273FDA1BDB2A6100AFDEAF /* MCTableViewController.m in Sources */,
				82EFB72A1BDC9AE7008A978C /* MCDrawImage.m in Sources */,
				82273FE51BDB2AB200AFDEAF /* MCRootViewController.m in Sources */,
				82EFB72C1BDC9AE7008A978C /* MCImageExtension.m in Sources */,
				82273FD41BDB2A6100AFDEAF /* MCCollectionViewController.m in Sources */,
				82273FD61BDB2A6100AFDEAF /* MCNavigationController.m in Sources */,
				82273FE01BDB2A8B00AFDEAF /* AppDelegate.m in Sources */,
				4C5F1FA11BDE1BAF00358257 /* MMLocationManager.m in Sources */,
				82EFB6FE1BDC8E5B008A978C /* MCWeatherCity.m in Sources */,
			);
			runOnlyForDeploymentPostprocessing = 0;
		};
/* End PBXSourcesBuildPhase section */

/* Begin XCBuildConfiguration section */
		8205FE4E1BD68BB500EC838E /* Debug */ = {
			isa = XCBuildConfiguration;
			buildSettings = {
				ALWAYS_SEARCH_USER_PATHS = NO;
				CLANG_CXX_LANGUAGE_STANDARD = "gnu++0x";
				CLANG_CXX_LIBRARY = "libc++";
				CLANG_ENABLE_MODULES = YES;
				CLANG_ENABLE_OBJC_ARC = YES;
				CLANG_WARN_BOOL_CONVERSION = YES;
				CLANG_WARN_CONSTANT_CONVERSION = YES;
				CLANG_WARN_DIRECT_OBJC_ISA_USAGE = YES_ERROR;
				CLANG_WARN_EMPTY_BODY = YES;
				CLANG_WARN_ENUM_CONVERSION = YES;
				CLANG_WARN_INT_CONVERSION = YES;
				CLANG_WARN_OBJC_ROOT_CLASS = YES_ERROR;
				CLANG_WARN_UNREACHABLE_CODE = YES;
				CLANG_WARN__DUPLICATE_METHOD_MATCH = YES;
				"CODE_SIGN_IDENTITY[sdk=iphoneos*]" = "iPhone Developer";
				COPY_PHASE_STRIP = NO;
				DEBUG_INFORMATION_FORMAT = dwarf;
				ENABLE_STRICT_OBJC_MSGSEND = YES;
				ENABLE_TESTABILITY = YES;
				GCC_C_LANGUAGE_STANDARD = gnu99;
				GCC_DYNAMIC_NO_PIC = NO;
				GCC_NO_COMMON_BLOCKS = YES;
				GCC_OPTIMIZATION_LEVEL = 0;
				GCC_PREPROCESSOR_DEFINITIONS = (
					"DEBUG=1",
					"$(inherited)",
				);
				GCC_WARN_64_TO_32_BIT_CONVERSION = YES;
				GCC_WARN_ABOUT_RETURN_TYPE = YES_ERROR;
				GCC_WARN_UNDECLARED_SELECTOR = YES;
				GCC_WARN_UNINITIALIZED_AUTOS = YES_AGGRESSIVE;
				GCC_WARN_UNUSED_FUNCTION = YES;
				GCC_WARN_UNUSED_VARIABLE = YES;
				IPHONEOS_DEPLOYMENT_TARGET = 9.1;
				MTL_ENABLE_DEBUG_INFO = YES;
				ONLY_ACTIVE_ARCH = YES;
				SDKROOT = iphoneos;
			};
			name = Debug;
		};
		8205FE4F1BD68BB500EC838E /* Release */ = {
			isa = XCBuildConfiguration;
			buildSettings = {
				ALWAYS_SEARCH_USER_PATHS = NO;
				CLANG_CXX_LANGUAGE_STANDARD = "gnu++0x";
				CLANG_CXX_LIBRARY = "libc++";
				CLANG_ENABLE_MODULES = YES;
				CLANG_ENABLE_OBJC_ARC = YES;
				CLANG_WARN_BOOL_CONVERSION = YES;
				CLANG_WARN_CONSTANT_CONVERSION = YES;
				CLANG_WARN_DIRECT_OBJC_ISA_USAGE = YES_ERROR;
				CLANG_WARN_EMPTY_BODY = YES;
				CLANG_WARN_ENUM_CONVERSION = YES;
				CLANG_WARN_INT_CONVERSION = YES;
				CLANG_WARN_OBJC_ROOT_CLASS = YES_ERROR;
				CLANG_WARN_UNREACHABLE_CODE = YES;
				CLANG_WARN__DUPLICATE_METHOD_MATCH = YES;
				"CODE_SIGN_IDENTITY[sdk=iphoneos*]" = "iPhone Developer";
				COPY_PHASE_STRIP = NO;
				DEBUG_INFORMATION_FORMAT = "dwarf-with-dsym";
				ENABLE_NS_ASSERTIONS = NO;
				ENABLE_STRICT_OBJC_MSGSEND = YES;
				GCC_C_LANGUAGE_STANDARD = gnu99;
				GCC_NO_COMMON_BLOCKS = YES;
				GCC_WARN_64_TO_32_BIT_CONVERSION = YES;
				GCC_WARN_ABOUT_RETURN_TYPE = YES_ERROR;
				GCC_WARN_UNDECLARED_SELECTOR = YES;
				GCC_WARN_UNINITIALIZED_AUTOS = YES_AGGRESSIVE;
				GCC_WARN_UNUSED_FUNCTION = YES;
				GCC_WARN_UNUSED_VARIABLE = YES;
				IPHONEOS_DEPLOYMENT_TARGET = 9.1;
				MTL_ENABLE_DEBUG_INFO = NO;
				SDKROOT = iphoneos;
				VALIDATE_PRODUCT = YES;
			};
			name = Release;
		};
		8205FE511BD68BB500EC838E /* Debug */ = {
			isa = XCBuildConfiguration;
			baseConfigurationReference = C6E6F4DCD596D768B5724709 /* Pods.debug.xcconfig */;
			buildSettings = {
				ASSETCATALOG_COMPILER_APPICON_NAME = AppIcon;
				INFOPLIST_FILE = Tools/Info.plist;
				IPHONEOS_DEPLOYMENT_TARGET = 8.0;
				LD_RUNPATH_SEARCH_PATHS = "$(inherited) @executable_path/Frameworks";
				PRODUCT_BUNDLE_IDENTIFIER = mingle.chang.tools;
				PRODUCT_NAME = "$(TARGET_NAME)";
			};
			name = Debug;
		};
		8205FE521BD68BB500EC838E /* Release */ = {
			isa = XCBuildConfiguration;
			baseConfigurationReference = BC0553AA50D7379E8A437931 /* Pods.release.xcconfig */;
			buildSettings = {
				ASSETCATALOG_COMPILER_APPICON_NAME = AppIcon;
				INFOPLIST_FILE = Tools/Info.plist;
				IPHONEOS_DEPLOYMENT_TARGET = 8.0;
				LD_RUNPATH_SEARCH_PATHS = "$(inherited) @executable_path/Frameworks";
				PRODUCT_BUNDLE_IDENTIFIER = mingle.chang.tools;
				PRODUCT_NAME = "$(TARGET_NAME)";
			};
			name = Release;
		};
/* End XCBuildConfiguration section */

/* Begin XCConfigurationList section */
		8205FE341BD68BB400EC838E /* Build configuration list for PBXProject "Tools" */ = {
			isa = XCConfigurationList;
			buildConfigurations = (
				8205FE4E1BD68BB500EC838E /* Debug */,
				8205FE4F1BD68BB500EC838E /* Release */,
			);
			defaultConfigurationIsVisible = 0;
			defaultConfigurationName = Release;
		};
		8205FE501BD68BB500EC838E /* Build configuration list for PBXNativeTarget "Tools" */ = {
			isa = XCConfigurationList;
			buildConfigurations = (
				8205FE511BD68BB500EC838E /* Debug */,
				8205FE521BD68BB500EC838E /* Release */,
			);
			defaultConfigurationIsVisible = 0;
			defaultConfigurationName = Release;
		};
/* End XCConfigurationList section */
	};
	rootObject = 8205FE311BD68BB400EC838E /* Project object */;
}
