// !$*UTF8*$!
{
	archiveVersion = 1;
	classes = {
	};
	objectVersion = 46;
	objects = {

/* Begin PBXBuildFile section */
		4C28F2661BF41F450017DAF0 /* MCDreamManager.m in Sources */ = {isa = PBXBuildFile; fileRef = 4C28F2651BF41F450017DAF0 /* MCDreamManager.m */; };
		4C28F26A1BF4213B0017DAF0 /* MCDreamCate.m in Sources */ = {isa = PBXBuildFile; fileRef = 4C28F2691BF4213B0017DAF0 /* MCDreamCate.m */; };
		4C28F26D1BF4214B0017DAF0 /* MCZGDream.m in Sources */ = {isa = PBXBuildFile; fileRef = 4C28F26C1BF4214B0017DAF0 /* MCZGDream.m */; };
		4C30C2E81BDF0DF800E6E2C5 /* IPAddress.m in Sources */ = {isa = PBXBuildFile; fileRef = 4C30C2E71BDF0DF800E6E2C5 /* IPAddress.m */; };
		4C30C2F11BDF6AAC00E6E2C5 /* MCWeatherIndex.m in Sources */ = {isa = PBXBuildFile; fileRef = 4C30C2F01BDF6AAC00E6E2C5 /* MCWeatherIndex.m */; };
		4C30C2F41BDF6B4000E6E2C5 /* MCWeatherSuggestion.m in Sources */ = {isa = PBXBuildFile; fileRef = 4C30C2F31BDF6B4000E6E2C5 /* MCWeatherSuggestion.m */; };
		4C30C2F71BDF6B7200E6E2C5 /* MCWeatherWind.m in Sources */ = {isa = PBXBuildFile; fileRef = 4C30C2F61BDF6B7200E6E2C5 /* MCWeatherWind.m */; };
		4C30C2FA1BDF6BB900E6E2C5 /* MCWeatherCond.m in Sources */ = {isa = PBXBuildFile; fileRef = 4C30C2F91BDF6BB900E6E2C5 /* MCWeatherCond.m */; };
		4C30C2FD1BDF6C2900E6E2C5 /* MCWeatherDayInfo.m in Sources */ = {isa = PBXBuildFile; fileRef = 4C30C2FC1BDF6C2900E6E2C5 /* MCWeatherDayInfo.m */; };
		4C30C3001BDF6C8000E6E2C5 /* MCWeatherHourInfo.m in Sources */ = {isa = PBXBuildFile; fileRef = 4C30C2FF1BDF6C8000E6E2C5 /* MCWeatherHourInfo.m */; };
		4C30C3031BDF6CB800E6E2C5 /* MCWeatherAstro.m in Sources */ = {isa = PBXBuildFile; fileRef = 4C30C3021BDF6CB800E6E2C5 /* MCWeatherAstro.m */; };
		4C30C3061BDF6CEC00E6E2C5 /* MCWeatherTmp.m in Sources */ = {isa = PBXBuildFile; fileRef = 4C30C3051BDF6CEC00E6E2C5 /* MCWeatherTmp.m */; };
		4C30C3091BDF6D0500E6E2C5 /* MCWeatherBasic.m in Sources */ = {isa = PBXBuildFile; fileRef = 4C30C3081BDF6D0500E6E2C5 /* MCWeatherBasic.m */; };
		4C30C30C1BDF6D1500E6E2C5 /* MCWeatherUpdate.m in Sources */ = {isa = PBXBuildFile; fileRef = 4C30C30B1BDF6D1500E6E2C5 /* MCWeatherUpdate.m */; };
		4C30C30F1BDF6E7500E6E2C5 /* MCWeatherInfo.m in Sources */ = {isa = PBXBuildFile; fileRef = 4C30C30E1BDF6E7500E6E2C5 /* MCWeatherInfo.m */; };
		4C30C3161BDF767900E6E2C5 /* MCCollectionViewController.m in Sources */ = {isa = PBXBuildFile; fileRef = 4C30C3111BDF767900E6E2C5 /* MCCollectionViewController.m */; };
		4C30C3171BDF767900E6E2C5 /* MCCollectionViewController.xib in Resources */ = {isa = PBXBuildFile; fileRef = 4C30C3121BDF767900E6E2C5 /* MCCollectionViewController.xib */; };
		4C30C3181BDF767900E6E2C5 /* MCTableViewController.m in Sources */ = {isa = PBXBuildFile; fileRef = 4C30C3141BDF767900E6E2C5 /* MCTableViewController.m */; };
		4C30C3191BDF767900E6E2C5 /* MCTableViewController.xib in Resources */ = {isa = PBXBuildFile; fileRef = 4C30C3151BDF767900E6E2C5 /* MCTableViewController.xib */; };
		4C44BAD31BF9A41C005D5FEA /* MCNotepadManager.m in Sources */ = {isa = PBXBuildFile; fileRef = 4C44BAD21BF9A41C005D5FEA /* MCNotepadManager.m */; };
		4C44BAD81BF9A6CB005D5FEA /* MCNotepad.m in Sources */ = {isa = PBXBuildFile; fileRef = 4C44BAD71BF9A6CB005D5FEA /* MCNotepad.m */; };
		4C4C96F01BF30C2100471135 /* MCToolCell.m in Sources */ = {isa = PBXBuildFile; fileRef = 4C4C96EE1BF30C2100471135 /* MCToolCell.m */; };
		4C4C96F11BF30C2100471135 /* MCToolCell.xib in Resources */ = {isa = PBXBuildFile; fileRef = 4C4C96EF1BF30C2100471135 /* MCToolCell.xib */; };
		4C4FB39C1BFF11C8006D3325 /* MCNotepadImageShowViewController.m in Sources */ = {isa = PBXBuildFile; fileRef = 4C4FB39A1BFF11C8006D3325 /* MCNotepadImageShowViewController.m */; };
		4C4FB39D1BFF11C8006D3325 /* MCNotepadImageShowViewController.xib in Resources */ = {isa = PBXBuildFile; fileRef = 4C4FB39B1BFF11C8006D3325 /* MCNotepadImageShowViewController.xib */; };
		4C4FB3A01BFF1692006D3325 /* MCImageViewExtension.m in Sources */ = {isa = PBXBuildFile; fileRef = 4C4FB39F1BFF1692006D3325 /* MCImageViewExtension.m */; };
		4C7657AC1BF5874800FD75D3 /* MCDreamListCell.m in Sources */ = {isa = PBXBuildFile; fileRef = 4C7657AA1BF5874800FD75D3 /* MCDreamListCell.m */; };
		4C7657AD1BF5874800FD75D3 /* MCDreamListCell.xib in Resources */ = {isa = PBXBuildFile; fileRef = 4C7657AB1BF5874800FD75D3 /* MCDreamListCell.xib */; };
		4C7657B21BF58F4F00FD75D3 /* Compass.storyboard in Resources */ = {isa = PBXBuildFile; fileRef = 4C7657B11BF58F4F00FD75D3 /* Compass.storyboard */; };
		4C7657BC1BF5917D00FD75D3 /* MCTextField.m in Sources */ = {isa = PBXBuildFile; fileRef = 4C7657B91BF5917D00FD75D3 /* MCTextField.m */; };
		4C7657BD1BF5917D00FD75D3 /* MCTextView.m in Sources */ = {isa = PBXBuildFile; fileRef = 4C7657BB1BF5917D00FD75D3 /* MCTextView.m */; };
		4C8109771BF1D27D00B5508D /* MCDate.m in Sources */ = {isa = PBXBuildFile; fileRef = 4C8109761BF1D27D00B5508D /* MCDate.m */; };
		4C8D4DB81BF4593C002A3814 /* Dream.storyboard in Resources */ = {isa = PBXBuildFile; fileRef = 4C8D4DB71BF4593C002A3814 /* Dream.storyboard */; };
		4CD06AF81BF33BC30065E215 /* Flashlight.storyboard in Resources */ = {isa = PBXBuildFile; fileRef = 4CD06AF71BF33BC30065E215 /* Flashlight.storyboard */; };
		4CD06AFA1BF33BD00065E215 /* Mirror.storyboard in Resources */ = {isa = PBXBuildFile; fileRef = 4CD06AF91BF33BD00065E215 /* Mirror.storyboard */; };
		4CD06AFE1BF344220065E215 /* Weather.storyboard in Resources */ = {isa = PBXBuildFile; fileRef = 4CD06AFC1BF344220065E215 /* Weather.storyboard */; };
		4CD06AFF1BF344220065E215 /* weather_citylist.json in Resources */ = {isa = PBXBuildFile; fileRef = 4CD06AFD1BF344220065E215 /* weather_citylist.json */; };
		82022E891BF0EE38002FC16C /* MCCacheManager.m in Sources */ = {isa = PBXBuildFile; fileRef = 82022E881BF0EE38002FC16C /* MCCacheManager.m */; };
		82022E8C1BF0EFB4002FC16C /* MCFilePath.m in Sources */ = {isa = PBXBuildFile; fileRef = 82022E8B1BF0EFB4002FC16C /* MCFilePath.m */; };
		8205FE3E1BD68BB400EC838E /* main.m in Sources */ = {isa = PBXBuildFile; fileRef = 8205FE3D1BD68BB400EC838E /* main.m */; };
		8205FE491BD68BB500EC838E /* Assets.xcassets in Resources */ = {isa = PBXBuildFile; fileRef = 8205FE481BD68BB500EC838E /* Assets.xcassets */; };
		820935CA1BF231F600F032AA /* MCToolManager.m in Sources */ = {isa = PBXBuildFile; fileRef = 820935C91BF231F600F032AA /* MCToolManager.m */; };
		820935CC1BF2340100F032AA /* tools.json in Resources */ = {isa = PBXBuildFile; fileRef = 820935CB1BF2340100F032AA /* tools.json */; };
		820935CF1BF2341500F032AA /* MCToolCate.m in Sources */ = {isa = PBXBuildFile; fileRef = 820935CE1BF2341500F032AA /* MCToolCate.m */; };
		820935D21BF2342300F032AA /* MCTool.m in Sources */ = {isa = PBXBuildFile; fileRef = 820935D11BF2342300F032AA /* MCTool.m */; };
		8209D7151BFE0118005029A1 /* MCImagePickerViewController.m in Sources */ = {isa = PBXBuildFile; fileRef = 8209D7131BFE0118005029A1 /* MCImagePickerViewController.m */; };
		8209D7161BFE0118005029A1 /* MCImagePickerViewController.xib in Resources */ = {isa = PBXBuildFile; fileRef = 8209D7141BFE0118005029A1 /* MCImagePickerViewController.xib */; };
		8209D71A1BFE0896005029A1 /* MCNotepadImageCell.m in Sources */ = {isa = PBXBuildFile; fileRef = 8209D7181BFE0896005029A1 /* MCNotepadImageCell.m */; };
		8209D71B1BFE0896005029A1 /* MCNotepadImageCell.xib in Resources */ = {isa = PBXBuildFile; fileRef = 8209D7191BFE0896005029A1 /* MCNotepadImageCell.xib */; };
		820D632B1BFCD88600205A82 /* MCDottedLineView.m in Sources */ = {isa = PBXBuildFile; fileRef = 820D632A1BFCD88600205A82 /* MCDottedLineView.m */; };
		820D632E1BFCD96300205A82 /* MCLineView.m in Sources */ = {isa = PBXBuildFile; fileRef = 820D632D1BFCD96300205A82 /* MCLineView.m */; };
		821166681BE265D0009227D2 /* Root.storyboard in Resources */ = {isa = PBXBuildFile; fileRef = 821166671BE265D0009227D2 /* Root.storyboard */; };
		82198F241BF70E3900EAF2E5 /* MCCompassViewController.m in Sources */ = {isa = PBXBuildFile; fileRef = 82198F221BF70E3900EAF2E5 /* MCCompassViewController.m */; };
		82198F251BF70E3900EAF2E5 /* MCCompassViewController.xib in Resources */ = {isa = PBXBuildFile; fileRef = 82198F231BF70E3900EAF2E5 /* MCCompassViewController.xib */; };
		82198F301BF70E4C00EAF2E5 /* MCDreamCateViewController.m in Sources */ = {isa = PBXBuildFile; fileRef = 82198F281BF70E4C00EAF2E5 /* MCDreamCateViewController.m */; };
		82198F311BF70E4C00EAF2E5 /* MCDreamCateViewController.xib in Resources */ = {isa = PBXBuildFile; fileRef = 82198F291BF70E4C00EAF2E5 /* MCDreamCateViewController.xib */; };
		82198F321BF70E4C00EAF2E5 /* MCDreamDetailViewController.m in Sources */ = {isa = PBXBuildFile; fileRef = 82198F2B1BF70E4C00EAF2E5 /* MCDreamDetailViewController.m */; };
		82198F331BF70E4C00EAF2E5 /* MCDreamDetailViewController.xib in Resources */ = {isa = PBXBuildFile; fileRef = 82198F2C1BF70E4C00EAF2E5 /* MCDreamDetailViewController.xib */; };
		82198F341BF70E4C00EAF2E5 /* MCDreamListViewController.m in Sources */ = {isa = PBXBuildFile; fileRef = 82198F2E1BF70E4C00EAF2E5 /* MCDreamListViewController.m */; };
		82198F351BF70E4C00EAF2E5 /* MCDreamListViewController.xib in Resources */ = {isa = PBXBuildFile; fileRef = 82198F2F1BF70E4C00EAF2E5 /* MCDreamListViewController.xib */; };
		82198F3A1BF70E6400EAF2E5 /* MCFlashlightViewController.m in Sources */ = {isa = PBXBuildFile; fileRef = 82198F381BF70E6400EAF2E5 /* MCFlashlightViewController.m */; };
		82198F3B1BF70E6400EAF2E5 /* MCFlashlightViewController.xib in Resources */ = {isa = PBXBuildFile; fileRef = 82198F391BF70E6400EAF2E5 /* MCFlashlightViewController.xib */; };
		82198F3D1BF70E9800EAF2E5 /* Notepad.storyboard in Resources */ = {isa = PBXBuildFile; fileRef = 82198F3C1BF70E9800EAF2E5 /* Notepad.storyboard */; };
		82198F411BF70EBF00EAF2E5 /* MCNotepadViewController.m in Sources */ = {isa = PBXBuildFile; fileRef = 82198F3F1BF70EBF00EAF2E5 /* MCNotepadViewController.m */; };
		82198F421BF70EBF00EAF2E5 /* MCNotepadViewController.xib in Resources */ = {isa = PBXBuildFile; fileRef = 82198F401BF70EBF00EAF2E5 /* MCNotepadViewController.xib */; };
		82198F471BF7106D00EAF2E5 /* MCMirrorViewController.m in Sources */ = {isa = PBXBuildFile; fileRef = 82198F451BF7106D00EAF2E5 /* MCMirrorViewController.m */; };
		82198F481BF7106D00EAF2E5 /* MCMirrorViewController.xib in Resources */ = {isa = PBXBuildFile; fileRef = 82198F461BF7106D00EAF2E5 /* MCMirrorViewController.xib */; };
		82198F4D1BF710B700EAF2E5 /* SizeControl.storyboard in Resources */ = {isa = PBXBuildFile; fileRef = 82198F4C1BF710B700EAF2E5 /* SizeControl.storyboard */; };
		82198F511BF710CA00EAF2E5 /* MCSizeControlViewController.m in Sources */ = {isa = PBXBuildFile; fileRef = 82198F4F1BF710CA00EAF2E5 /* MCSizeControlViewController.m */; };
		82198F521BF710CA00EAF2E5 /* MCSizeControlViewController.xib in Resources */ = {isa = PBXBuildFile; fileRef = 82198F501BF710CA00EAF2E5 /* MCSizeControlViewController.xib */; };
		821E5B981C0211D000F90770 /* MCBirthdayManager.m in Sources */ = {isa = PBXBuildFile; fileRef = 821E5B971C0211D000F90770 /* MCBirthdayManager.m */; };
		821E5B9C1C0212DF00F90770 /* MCBirthday.m in Sources */ = {isa = PBXBuildFile; fileRef = 821E5B9B1C0212DF00F90770 /* MCBirthday.m */; };
		821E5BA01C021F9800F90770 /* MCBirthdayEditViewController.m in Sources */ = {isa = PBXBuildFile; fileRef = 821E5B9E1C021F9800F90770 /* MCBirthdayEditViewController.m */; };
		821E5BA11C021F9800F90770 /* MCBirthdayEditViewController.xib in Resources */ = {isa = PBXBuildFile; fileRef = 821E5B9F1C021F9800F90770 /* MCBirthdayEditViewController.xib */; };
		821E5BA51C0229E000F90770 /* MCBirthdayDatePicker.m in Sources */ = {isa = PBXBuildFile; fileRef = 821E5BA41C0229E000F90770 /* MCBirthdayDatePicker.m */; };
		821E5BA71C0229EB00F90770 /* MCBirthdayDatePicker.xib in Resources */ = {isa = PBXBuildFile; fileRef = 821E5BA61C0229EB00F90770 /* MCBirthdayDatePicker.xib */; };
		821FF0B81BF398C200EBC169 /* dream.sqlite in Resources */ = {isa = PBXBuildFile; fileRef = 821FF0B71BF398C200EBC169 /* dream.sqlite */; };
		822250621C00C08200F60708 /* MCDateExtension.m in Sources */ = {isa = PBXBuildFile; fileRef = 8222505F1C00C08200F60708 /* MCDateExtension.m */; };
		822250631C00C08200F60708 /* MCStringExtension.m in Sources */ = {isa = PBXBuildFile; fileRef = 822250611C00C08200F60708 /* MCStringExtension.m */; };
		822250671C00C53C00F60708 /* MCAddress.m in Sources */ = {isa = PBXBuildFile; fileRef = 822250661C00C53C00F60708 /* MCAddress.m */; };
		8222506A1C00C64C00F60708 /* MCDate+Info.m in Sources */ = {isa = PBXBuildFile; fileRef = 822250691C00C64C00F60708 /* MCDate+Info.m */; };
		82273FD61BDB2A6100AFDEAF /* MCNavigationController.m in Sources */ = {isa = PBXBuildFile; fileRef = 82273FC91BDB2A6100AFDEAF /* MCNavigationController.m */; };
		82273FD71BDB2A6100AFDEAF /* MCNavigationController.xib in Resources */ = {isa = PBXBuildFile; fileRef = 82273FCA1BDB2A6100AFDEAF /* MCNavigationController.xib */; };
		82273FD81BDB2A6100AFDEAF /* MCTabBarController.m in Sources */ = {isa = PBXBuildFile; fileRef = 82273FCC1BDB2A6100AFDEAF /* MCTabBarController.m */; };
		82273FD91BDB2A6100AFDEAF /* MCTabBarController.xib in Resources */ = {isa = PBXBuildFile; fileRef = 82273FCD1BDB2A6100AFDEAF /* MCTabBarController.xib */; };
		82273FDC1BDB2A6100AFDEAF /* MCViewController.m in Sources */ = {isa = PBXBuildFile; fileRef = 82273FD21BDB2A6100AFDEAF /* MCViewController.m */; };
		82273FDD1BDB2A6100AFDEAF /* MCViewController.xib in Resources */ = {isa = PBXBuildFile; fileRef = 82273FD31BDB2A6100AFDEAF /* MCViewController.xib */; };
		82273FE01BDB2A8B00AFDEAF /* AppDelegate.m in Sources */ = {isa = PBXBuildFile; fileRef = 82273FDF1BDB2A8B00AFDEAF /* AppDelegate.m */; };
		82273FE61BDB2AB200AFDEAF /* MCRootViewController.xib in Resources */ = {isa = PBXBuildFile; fileRef = 82273FE41BDB2AB200AFDEAF /* MCRootViewController.xib */; };
		82273FE81BDB2F7800AFDEAF /* LaunchScreen.storyboard in Resources */ = {isa = PBXBuildFile; fileRef = 82273FE71BDB2F7800AFDEAF /* LaunchScreen.storyboard */; };
		82273FF11BDB395600AFDEAF /* MCWeatherViewController.m in Sources */ = {isa = PBXBuildFile; fileRef = 82273FEF1BDB395600AFDEAF /* MCWeatherViewController.m */; };
		82273FF21BDB395600AFDEAF /* MCWeatherViewController.xib in Resources */ = {isa = PBXBuildFile; fileRef = 82273FF01BDB395600AFDEAF /* MCWeatherViewController.xib */; };
		82273FF61BDB397B00AFDEAF /* MCRootWeatherViewController.m in Sources */ = {isa = PBXBuildFile; fileRef = 82273FF41BDB397B00AFDEAF /* MCRootWeatherViewController.m */; };
		82273FF71BDB397B00AFDEAF /* MCRootWeatherViewController.xib in Resources */ = {isa = PBXBuildFile; fileRef = 82273FF51BDB397B00AFDEAF /* MCRootWeatherViewController.xib */; };
		822D2D591BDFB4AC00BB0CD1 /* MCWeatherNow.m in Sources */ = {isa = PBXBuildFile; fileRef = 822D2D581BDFB4AC00BB0CD1 /* MCWeatherNow.m */; };
		823476851BF8D31C00A99554 /* MCSizeControlButton.m in Sources */ = {isa = PBXBuildFile; fileRef = 823476841BF8D31C00A99554 /* MCSizeControlButton.m */; };
		823476881BF8D3DD00A99554 /* MCSizeControlChooseView.m in Sources */ = {isa = PBXBuildFile; fileRef = 823476871BF8D3DD00A99554 /* MCSizeControlChooseView.m */; };
		82359E341BF37376000AB501 /* MCRootChooseView.m in Sources */ = {isa = PBXBuildFile; fileRef = 82359E331BF37376000AB501 /* MCRootChooseView.m */; };
		8245AA061BF4D904009B5640 /* MCDreamCateSearchHeader.m in Sources */ = {isa = PBXBuildFile; fileRef = 8245AA041BF4D904009B5640 /* MCDreamCateSearchHeader.m */; };
		8245AA071BF4D904009B5640 /* MCDreamCateSearchHeader.xib in Resources */ = {isa = PBXBuildFile; fileRef = 8245AA051BF4D904009B5640 /* MCDreamCateSearchHeader.xib */; };
		8245AA0B1BF4D91E009B5640 /* MCDreamCateCell.m in Sources */ = {isa = PBXBuildFile; fileRef = 8245AA091BF4D91E009B5640 /* MCDreamCateCell.m */; };
		8245AA0C1BF4D91E009B5640 /* MCDreamCateCell.xib in Resources */ = {isa = PBXBuildFile; fileRef = 8245AA0A1BF4D91E009B5640 /* MCDreamCateCell.xib */; };
		824D5CE71BFA3786006069FE /* MCNotepadCell.m in Sources */ = {isa = PBXBuildFile; fileRef = 824D5CE51BFA3786006069FE /* MCNotepadCell.m */; };
		824D5CE81BFA3786006069FE /* MCNotepadCell.xib in Resources */ = {isa = PBXBuildFile; fileRef = 824D5CE61BFA3786006069FE /* MCNotepadCell.xib */; };
		829C08361BF4C9090043905E /* AppDelegate+Base.m in Sources */ = {isa = PBXBuildFile; fileRef = 829C08351BF4C9090043905E /* AppDelegate+Base.m */; };
		82A085341C0041490051B23D /* MCNotepadBigImageCell.m in Sources */ = {isa = PBXBuildFile; fileRef = 82A085321C0041490051B23D /* MCNotepadBigImageCell.m */; };
		82A085351C0041490051B23D /* MCNotepadBigImageCell.xib in Resources */ = {isa = PBXBuildFile; fileRef = 82A085331C0041490051B23D /* MCNotepadBigImageCell.xib */; };
		82A0853C1C0051900051B23D /* MCBirthdayViewController.m in Sources */ = {isa = PBXBuildFile; fileRef = 82A0853A1C0051900051B23D /* MCBirthdayViewController.m */; };
		82A0853D1C0051900051B23D /* MCBirthdayViewController.xib in Resources */ = {isa = PBXBuildFile; fileRef = 82A0853B1C0051900051B23D /* MCBirthdayViewController.xib */; };
		82A0853F1C0051AC0051B23D /* Birthday.storyboard in Resources */ = {isa = PBXBuildFile; fileRef = 82A0853E1C0051AC0051B23D /* Birthday.storyboard */; };
		82B4D6691BDE51C500FCA1C2 /* MCLocationManager.m in Sources */ = {isa = PBXBuildFile; fileRef = 82B4D6681BDE51C500FCA1C2 /* MCLocationManager.m */; };
		82B4D66B1BDE5D5C00FCA1C2 /* MCRootViewController.m in Sources */ = {isa = PBXBuildFile; fileRef = 82B4D66A1BDE5D5C00FCA1C2 /* MCRootViewController.m */; };
		82B4D6711BDE692100FCA1C2 /* APIStoreRequest.m in Sources */ = {isa = PBXBuildFile; fileRef = 82B4D6701BDE692100FCA1C2 /* APIStoreRequest.m */; };
		82D806241BFB7FE00092F3D4 /* MCNotepadEditViewController.m in Sources */ = {isa = PBXBuildFile; fileRef = 82D806221BFB7FE00092F3D4 /* MCNotepadEditViewController.m */; };
		82D806251BFB7FE00092F3D4 /* MCNotepadEditViewController.xib in Resources */ = {isa = PBXBuildFile; fileRef = 82D806231BFB7FE00092F3D4 /* MCNotepadEditViewController.xib */; };
		82EFB6FB1BDC8E4B008A978C /* MCWeatherProvince.m in Sources */ = {isa = PBXBuildFile; fileRef = 82EFB6FA1BDC8E4B008A978C /* MCWeatherProvince.m */; };
		82EFB6FE1BDC8E5B008A978C /* MCWeatherCity.m in Sources */ = {isa = PBXBuildFile; fileRef = 82EFB6FD1BDC8E5B008A978C /* MCWeatherCity.m */; };
		82EFB7011BDC8E6E008A978C /* MCWeatherArea.m in Sources */ = {isa = PBXBuildFile; fileRef = 82EFB7001BDC8E6E008A978C /* MCWeatherArea.m */; };
		82EFB7041BDC91EE008A978C /* MCWeatherManager.m in Sources */ = {isa = PBXBuildFile; fileRef = 82EFB7031BDC91EE008A978C /* MCWeatherManager.m */; };
		82EFB7281BDC9AE7008A978C /* MCDevice.m in Sources */ = {isa = PBXBuildFile; fileRef = 82EFB7161BDC9AE7008A978C /* MCDevice.m */; };
		82EFB72A1BDC9AE7008A978C /* MCDrawImage.m in Sources */ = {isa = PBXBuildFile; fileRef = 82EFB71A1BDC9AE7008A978C /* MCDrawImage.m */; };
		82EFB72B1BDC9AE7008A978C /* MCHTTPConnection.m in Sources */ = {isa = PBXBuildFile; fileRef = 82EFB71C1BDC9AE7008A978C /* MCHTTPConnection.m */; };
		82EFB72C1BDC9AE7008A978C /* MCImageExtension.m in Sources */ = {isa = PBXBuildFile; fileRef = 82EFB71E1BDC9AE7008A978C /* MCImageExtension.m */; };
		A2BE7E7E883B9BA79B3EBD53 /* libPods.a in Frameworks */ = {isa = PBXBuildFile; fileRef = AC339506E995F7AFD8AFAFAD /* libPods.a */; };
/* End PBXBuildFile section */

/* Begin PBXFileReference section */
		4C28F2641BF41F450017DAF0 /* MCDreamManager.h */ = {isa = PBXFileReference; fileEncoding = 4; lastKnownFileType = sourcecode.c.h; path = MCDreamManager.h; sourceTree = "<group>"; };
		4C28F2651BF41F450017DAF0 /* MCDreamManager.m */ = {isa = PBXFileReference; fileEncoding = 4; lastKnownFileType = sourcecode.c.objc; path = MCDreamManager.m; sourceTree = "<group>"; };
		4C28F2681BF4213B0017DAF0 /* MCDreamCate.h */ = {isa = PBXFileReference; fileEncoding = 4; lastKnownFileType = sourcecode.c.h; path = MCDreamCate.h; sourceTree = "<group>"; };
		4C28F2691BF4213B0017DAF0 /* MCDreamCate.m */ = {isa = PBXFileReference; fileEncoding = 4; lastKnownFileType = sourcecode.c.objc; path = MCDreamCate.m; sourceTree = "<group>"; };
		4C28F26B1BF4214B0017DAF0 /* MCZGDream.h */ = {isa = PBXFileReference; fileEncoding = 4; lastKnownFileType = sourcecode.c.h; path = MCZGDream.h; sourceTree = "<group>"; };
		4C28F26C1BF4214B0017DAF0 /* MCZGDream.m */ = {isa = PBXFileReference; fileEncoding = 4; lastKnownFileType = sourcecode.c.objc; path = MCZGDream.m; sourceTree = "<group>"; };
		4C30C2E61BDF0DF800E6E2C5 /* IPAddress.h */ = {isa = PBXFileReference; fileEncoding = 4; lastKnownFileType = sourcecode.c.h; path = IPAddress.h; sourceTree = "<group>"; };
		4C30C2E71BDF0DF800E6E2C5 /* IPAddress.m */ = {isa = PBXFileReference; fileEncoding = 4; lastKnownFileType = sourcecode.c.objc; path = IPAddress.m; sourceTree = "<group>"; };
		4C30C2EF1BDF6AAC00E6E2C5 /* MCWeatherIndex.h */ = {isa = PBXFileReference; fileEncoding = 4; lastKnownFileType = sourcecode.c.h; path = MCWeatherIndex.h; sourceTree = "<group>"; };
		4C30C2F01BDF6AAC00E6E2C5 /* MCWeatherIndex.m */ = {isa = PBXFileReference; fileEncoding = 4; lastKnownFileType = sourcecode.c.objc; path = MCWeatherIndex.m; sourceTree = "<group>"; };
		4C30C2F21BDF6B4000E6E2C5 /* MCWeatherSuggestion.h */ = {isa = PBXFileReference; fileEncoding = 4; lastKnownFileType = sourcecode.c.h; path = MCWeatherSuggestion.h; sourceTree = "<group>"; };
		4C30C2F31BDF6B4000E6E2C5 /* MCWeatherSuggestion.m */ = {isa = PBXFileReference; fileEncoding = 4; lastKnownFileType = sourcecode.c.objc; path = MCWeatherSuggestion.m; sourceTree = "<group>"; };
		4C30C2F51BDF6B7200E6E2C5 /* MCWeatherWind.h */ = {isa = PBXFileReference; fileEncoding = 4; lastKnownFileType = sourcecode.c.h; path = MCWeatherWind.h; sourceTree = "<group>"; };
		4C30C2F61BDF6B7200E6E2C5 /* MCWeatherWind.m */ = {isa = PBXFileReference; fileEncoding = 4; lastKnownFileType = sourcecode.c.objc; path = MCWeatherWind.m; sourceTree = "<group>"; };
		4C30C2F81BDF6BB900E6E2C5 /* MCWeatherCond.h */ = {isa = PBXFileReference; fileEncoding = 4; lastKnownFileType = sourcecode.c.h; path = MCWeatherCond.h; sourceTree = "<group>"; };
		4C30C2F91BDF6BB900E6E2C5 /* MCWeatherCond.m */ = {isa = PBXFileReference; fileEncoding = 4; lastKnownFileType = sourcecode.c.objc; path = MCWeatherCond.m; sourceTree = "<group>"; };
		4C30C2FB1BDF6C2900E6E2C5 /* MCWeatherDayInfo.h */ = {isa = PBXFileReference; fileEncoding = 4; lastKnownFileType = sourcecode.c.h; path = MCWeatherDayInfo.h; sourceTree = "<group>"; };
		4C30C2FC1BDF6C2900E6E2C5 /* MCWeatherDayInfo.m */ = {isa = PBXFileReference; fileEncoding = 4; lastKnownFileType = sourcecode.c.objc; path = MCWeatherDayInfo.m; sourceTree = "<group>"; };
		4C30C2FE1BDF6C8000E6E2C5 /* MCWeatherHourInfo.h */ = {isa = PBXFileReference; fileEncoding = 4; lastKnownFileType = sourcecode.c.h; path = MCWeatherHourInfo.h; sourceTree = "<group>"; };
		4C30C2FF1BDF6C8000E6E2C5 /* MCWeatherHourInfo.m */ = {isa = PBXFileReference; fileEncoding = 4; lastKnownFileType = sourcecode.c.objc; path = MCWeatherHourInfo.m; sourceTree = "<group>"; };
		4C30C3011BDF6CB800E6E2C5 /* MCWeatherAstro.h */ = {isa = PBXFileReference; fileEncoding = 4; lastKnownFileType = sourcecode.c.h; path = MCWeatherAstro.h; sourceTree = "<group>"; };
		4C30C3021BDF6CB800E6E2C5 /* MCWeatherAstro.m */ = {isa = PBXFileReference; fileEncoding = 4; lastKnownFileType = sourcecode.c.objc; path = MCWeatherAstro.m; sourceTree = "<group>"; };
		4C30C3041BDF6CEC00E6E2C5 /* MCWeatherTmp.h */ = {isa = PBXFileReference; fileEncoding = 4; lastKnownFileType = sourcecode.c.h; path = MCWeatherTmp.h; sourceTree = "<group>"; };
		4C30C3051BDF6CEC00E6E2C5 /* MCWeatherTmp.m */ = {isa = PBXFileReference; fileEncoding = 4; lastKnownFileType = sourcecode.c.objc; path = MCWeatherTmp.m; sourceTree = "<group>"; };
		4C30C3071BDF6D0500E6E2C5 /* MCWeatherBasic.h */ = {isa = PBXFileReference; fileEncoding = 4; lastKnownFileType = sourcecode.c.h; path = MCWeatherBasic.h; sourceTree = "<group>"; };
		4C30C3081BDF6D0500E6E2C5 /* MCWeatherBasic.m */ = {isa = PBXFileReference; fileEncoding = 4; lastKnownFileType = sourcecode.c.objc; path = MCWeatherBasic.m; sourceTree = "<group>"; };
		4C30C30A1BDF6D1500E6E2C5 /* MCWeatherUpdate.h */ = {isa = PBXFileReference; fileEncoding = 4; lastKnownFileType = sourcecode.c.h; path = MCWeatherUpdate.h; sourceTree = "<group>"; };
		4C30C30B1BDF6D1500E6E2C5 /* MCWeatherUpdate.m */ = {isa = PBXFileReference; fileEncoding = 4; lastKnownFileType = sourcecode.c.objc; path = MCWeatherUpdate.m; sourceTree = "<group>"; };
		4C30C30D1BDF6E7500E6E2C5 /* MCWeatherInfo.h */ = {isa = PBXFileReference; fileEncoding = 4; lastKnownFileType = sourcecode.c.h; path = MCWeatherInfo.h; sourceTree = "<group>"; };
		4C30C30E1BDF6E7500E6E2C5 /* MCWeatherInfo.m */ = {isa = PBXFileReference; fileEncoding = 4; lastKnownFileType = sourcecode.c.objc; path = MCWeatherInfo.m; sourceTree = "<group>"; };
		4C30C3101BDF767900E6E2C5 /* MCCollectionViewController.h */ = {isa = PBXFileReference; fileEncoding = 4; lastKnownFileType = sourcecode.c.h; path = MCCollectionViewController.h; sourceTree = "<group>"; };
		4C30C3111BDF767900E6E2C5 /* MCCollectionViewController.m */ = {isa = PBXFileReference; fileEncoding = 4; lastKnownFileType = sourcecode.c.objc; path = MCCollectionViewController.m; sourceTree = "<group>"; };
		4C30C3121BDF767900E6E2C5 /* MCCollectionViewController.xib */ = {isa = PBXFileReference; fileEncoding = 4; lastKnownFileType = file.xib; path = MCCollectionViewController.xib; sourceTree = "<group>"; };
		4C30C3131BDF767900E6E2C5 /* MCTableViewController.h */ = {isa = PBXFileReference; fileEncoding = 4; lastKnownFileType = sourcecode.c.h; path = MCTableViewController.h; sourceTree = "<group>"; };
		4C30C3141BDF767900E6E2C5 /* MCTableViewController.m */ = {isa = PBXFileReference; fileEncoding = 4; lastKnownFileType = sourcecode.c.objc; path = MCTableViewController.m; sourceTree = "<group>"; };
		4C30C3151BDF767900E6E2C5 /* MCTableViewController.xib */ = {isa = PBXFileReference; fileEncoding = 4; lastKnownFileType = file.xib; path = MCTableViewController.xib; sourceTree = "<group>"; };
		4C44BAD11BF9A41C005D5FEA /* MCNotepadManager.h */ = {isa = PBXFileReference; fileEncoding = 4; lastKnownFileType = sourcecode.c.h; path = MCNotepadManager.h; sourceTree = "<group>"; };
		4C44BAD21BF9A41C005D5FEA /* MCNotepadManager.m */ = {isa = PBXFileReference; fileEncoding = 4; lastKnownFileType = sourcecode.c.objc; path = MCNotepadManager.m; sourceTree = "<group>"; };
		4C44BAD61BF9A6CB005D5FEA /* MCNotepad.h */ = {isa = PBXFileReference; fileEncoding = 4; lastKnownFileType = sourcecode.c.h; path = MCNotepad.h; sourceTree = "<group>"; };
		4C44BAD71BF9A6CB005D5FEA /* MCNotepad.m */ = {isa = PBXFileReference; fileEncoding = 4; lastKnownFileType = sourcecode.c.objc; path = MCNotepad.m; sourceTree = "<group>"; };
		4C4C96ED1BF30C2100471135 /* MCToolCell.h */ = {isa = PBXFileReference; fileEncoding = 4; lastKnownFileType = sourcecode.c.h; path = MCToolCell.h; sourceTree = "<group>"; };
		4C4C96EE1BF30C2100471135 /* MCToolCell.m */ = {isa = PBXFileReference; fileEncoding = 4; lastKnownFileType = sourcecode.c.objc; path = MCToolCell.m; sourceTree = "<group>"; };
		4C4C96EF1BF30C2100471135 /* MCToolCell.xib */ = {isa = PBXFileReference; fileEncoding = 4; lastKnownFileType = file.xib; path = MCToolCell.xib; sourceTree = "<group>"; };
		4C4FB3991BFF11C8006D3325 /* MCNotepadImageShowViewController.h */ = {isa = PBXFileReference; fileEncoding = 4; lastKnownFileType = sourcecode.c.h; path = MCNotepadImageShowViewController.h; sourceTree = "<group>"; };
		4C4FB39A1BFF11C8006D3325 /* MCNotepadImageShowViewController.m */ = {isa = PBXFileReference; fileEncoding = 4; lastKnownFileType = sourcecode.c.objc; path = MCNotepadImageShowViewController.m; sourceTree = "<group>"; };
		4C4FB39B1BFF11C8006D3325 /* MCNotepadImageShowViewController.xib */ = {isa = PBXFileReference; fileEncoding = 4; lastKnownFileType = file.xib; path = MCNotepadImageShowViewController.xib; sourceTree = "<group>"; };
		4C4FB39E1BFF1692006D3325 /* MCImageViewExtension.h */ = {isa = PBXFileReference; fileEncoding = 4; lastKnownFileType = sourcecode.c.h; path = MCImageViewExtension.h; sourceTree = "<group>"; };
		4C4FB39F1BFF1692006D3325 /* MCImageViewExtension.m */ = {isa = PBXFileReference; fileEncoding = 4; lastKnownFileType = sourcecode.c.objc; path = MCImageViewExtension.m; sourceTree = "<group>"; };
		4C7657A91BF5874800FD75D3 /* MCDreamListCell.h */ = {isa = PBXFileReference; fileEncoding = 4; lastKnownFileType = sourcecode.c.h; path = MCDreamListCell.h; sourceTree = "<group>"; };
		4C7657AA1BF5874800FD75D3 /* MCDreamListCell.m */ = {isa = PBXFileReference; fileEncoding = 4; lastKnownFileType = sourcecode.c.objc; path = MCDreamListCell.m; sourceTree = "<group>"; };
		4C7657AB1BF5874800FD75D3 /* MCDreamListCell.xib */ = {isa = PBXFileReference; fileEncoding = 4; lastKnownFileType = file.xib; path = MCDreamListCell.xib; sourceTree = "<group>"; };
		4C7657B11BF58F4F00FD75D3 /* Compass.storyboard */ = {isa = PBXFileReference; fileEncoding = 4; lastKnownFileType = file.storyboard; path = Compass.storyboard; sourceTree = "<group>"; };
		4C7657B81BF5917D00FD75D3 /* MCTextField.h */ = {isa = PBXFileReference; fileEncoding = 4; lastKnownFileType = sourcecode.c.h; path = MCTextField.h; sourceTree = "<group>"; };
		4C7657B91BF5917D00FD75D3 /* MCTextField.m */ = {isa = PBXFileReference; fileEncoding = 4; lastKnownFileType = sourcecode.c.objc; path = MCTextField.m; sourceTree = "<group>"; };
		4C7657BA1BF5917D00FD75D3 /* MCTextView.h */ = {isa = PBXFileReference; fileEncoding = 4; lastKnownFileType = sourcecode.c.h; path = MCTextView.h; sourceTree = "<group>"; };
		4C7657BB1BF5917D00FD75D3 /* MCTextView.m */ = {isa = PBXFileReference; fileEncoding = 4; lastKnownFileType = sourcecode.c.objc; path = MCTextView.m; sourceTree = "<group>"; };
		4C8109751BF1D27D00B5508D /* MCDate.h */ = {isa = PBXFileReference; fileEncoding = 4; lastKnownFileType = sourcecode.c.h; path = MCDate.h; sourceTree = "<group>"; };
		4C8109761BF1D27D00B5508D /* MCDate.m */ = {isa = PBXFileReference; fileEncoding = 4; lastKnownFileType = sourcecode.c.objc; path = MCDate.m; sourceTree = "<group>"; };
		4C8D4DB71BF4593C002A3814 /* Dream.storyboard */ = {isa = PBXFileReference; fileEncoding = 4; lastKnownFileType = file.storyboard; path = Dream.storyboard; sourceTree = "<group>"; };
		4CD06AF71BF33BC30065E215 /* Flashlight.storyboard */ = {isa = PBXFileReference; fileEncoding = 4; lastKnownFileType = file.storyboard; path = Flashlight.storyboard; sourceTree = "<group>"; };
		4CD06AF91BF33BD00065E215 /* Mirror.storyboard */ = {isa = PBXFileReference; fileEncoding = 4; lastKnownFileType = file.storyboard; path = Mirror.storyboard; sourceTree = "<group>"; };
		4CD06AFC1BF344220065E215 /* Weather.storyboard */ = {isa = PBXFileReference; fileEncoding = 4; lastKnownFileType = file.storyboard; path = Weather.storyboard; sourceTree = "<group>"; };
		4CD06AFD1BF344220065E215 /* weather_citylist.json */ = {isa = PBXFileReference; fileEncoding = 4; lastKnownFileType = text.json; path = weather_citylist.json; sourceTree = "<group>"; };
		82022E871BF0EE38002FC16C /* MCCacheManager.h */ = {isa = PBXFileReference; fileEncoding = 4; lastKnownFileType = sourcecode.c.h; path = MCCacheManager.h; sourceTree = "<group>"; };
		82022E881BF0EE38002FC16C /* MCCacheManager.m */ = {isa = PBXFileReference; fileEncoding = 4; lastKnownFileType = sourcecode.c.objc; path = MCCacheManager.m; sourceTree = "<group>"; };
		82022E8A1BF0EFB4002FC16C /* MCFilePath.h */ = {isa = PBXFileReference; fileEncoding = 4; lastKnownFileType = sourcecode.c.h; path = MCFilePath.h; sourceTree = "<group>"; };
		82022E8B1BF0EFB4002FC16C /* MCFilePath.m */ = {isa = PBXFileReference; fileEncoding = 4; lastKnownFileType = sourcecode.c.objc; path = MCFilePath.m; sourceTree = "<group>"; };
		8205FE391BD68BB400EC838E /* Tools.app */ = {isa = PBXFileReference; explicitFileType = wrapper.application; includeInIndex = 0; path = Tools.app; sourceTree = BUILT_PRODUCTS_DIR; };
		8205FE3D1BD68BB400EC838E /* main.m */ = {isa = PBXFileReference; lastKnownFileType = sourcecode.c.objc; path = main.m; sourceTree = "<group>"; };
		8205FE481BD68BB500EC838E /* Assets.xcassets */ = {isa = PBXFileReference; lastKnownFileType = folder.assetcatalog; path = Assets.xcassets; sourceTree = "<group>"; };
		8205FE4D1BD68BB500EC838E /* Info.plist */ = {isa = PBXFileReference; lastKnownFileType = text.plist.xml; path = Info.plist; sourceTree = "<group>"; };
		820935C81BF231F600F032AA /* MCToolManager.h */ = {isa = PBXFileReference; fileEncoding = 4; lastKnownFileType = sourcecode.c.h; path = MCToolManager.h; sourceTree = "<group>"; };
		820935C91BF231F600F032AA /* MCToolManager.m */ = {isa = PBXFileReference; fileEncoding = 4; lastKnownFileType = sourcecode.c.objc; path = MCToolManager.m; sourceTree = "<group>"; };
		820935CB1BF2340100F032AA /* tools.json */ = {isa = PBXFileReference; fileEncoding = 4; lastKnownFileType = text.json; path = tools.json; sourceTree = "<group>"; };
		820935CD1BF2341500F032AA /* MCToolCate.h */ = {isa = PBXFileReference; fileEncoding = 4; lastKnownFileType = sourcecode.c.h; path = MCToolCate.h; sourceTree = "<group>"; };
		820935CE1BF2341500F032AA /* MCToolCate.m */ = {isa = PBXFileReference; fileEncoding = 4; lastKnownFileType = sourcecode.c.objc; path = MCToolCate.m; sourceTree = "<group>"; };
		820935D01BF2342300F032AA /* MCTool.h */ = {isa = PBXFileReference; fileEncoding = 4; lastKnownFileType = sourcecode.c.h; path = MCTool.h; sourceTree = "<group>"; };
		820935D11BF2342300F032AA /* MCTool.m */ = {isa = PBXFileReference; fileEncoding = 4; lastKnownFileType = sourcecode.c.objc; path = MCTool.m; sourceTree = "<group>"; };
		8209D7121BFE0118005029A1 /* MCImagePickerViewController.h */ = {isa = PBXFileReference; fileEncoding = 4; lastKnownFileType = sourcecode.c.h; path = MCImagePickerViewController.h; sourceTree = "<group>"; };
		8209D7131BFE0118005029A1 /* MCImagePickerViewController.m */ = {isa = PBXFileReference; fileEncoding = 4; lastKnownFileType = sourcecode.c.objc; path = MCImagePickerViewController.m; sourceTree = "<group>"; };
		8209D7141BFE0118005029A1 /* MCImagePickerViewController.xib */ = {isa = PBXFileReference; fileEncoding = 4; lastKnownFileType = file.xib; path = MCImagePickerViewController.xib; sourceTree = "<group>"; };
		8209D7171BFE0896005029A1 /* MCNotepadImageCell.h */ = {isa = PBXFileReference; fileEncoding = 4; lastKnownFileType = sourcecode.c.h; path = MCNotepadImageCell.h; sourceTree = "<group>"; };
		8209D7181BFE0896005029A1 /* MCNotepadImageCell.m */ = {isa = PBXFileReference; fileEncoding = 4; lastKnownFileType = sourcecode.c.objc; path = MCNotepadImageCell.m; sourceTree = "<group>"; };
		8209D7191BFE0896005029A1 /* MCNotepadImageCell.xib */ = {isa = PBXFileReference; fileEncoding = 4; lastKnownFileType = file.xib; path = MCNotepadImageCell.xib; sourceTree = "<group>"; };
		820D63291BFCD88600205A82 /* MCDottedLineView.h */ = {isa = PBXFileReference; fileEncoding = 4; lastKnownFileType = sourcecode.c.h; path = MCDottedLineView.h; sourceTree = "<group>"; };
		820D632A1BFCD88600205A82 /* MCDottedLineView.m */ = {isa = PBXFileReference; fileEncoding = 4; lastKnownFileType = sourcecode.c.objc; path = MCDottedLineView.m; sourceTree = "<group>"; };
		820D632C1BFCD96300205A82 /* MCLineView.h */ = {isa = PBXFileReference; fileEncoding = 4; lastKnownFileType = sourcecode.c.h; path = MCLineView.h; sourceTree = "<group>"; };
		820D632D1BFCD96300205A82 /* MCLineView.m */ = {isa = PBXFileReference; fileEncoding = 4; lastKnownFileType = sourcecode.c.objc; path = MCLineView.m; sourceTree = "<group>"; };
		821166671BE265D0009227D2 /* Root.storyboard */ = {isa = PBXFileReference; fileEncoding = 4; lastKnownFileType = file.storyboard; path = Root.storyboard; sourceTree = "<group>"; };
		82198F211BF70E3900EAF2E5 /* MCCompassViewController.h */ = {isa = PBXFileReference; fileEncoding = 4; lastKnownFileType = sourcecode.c.h; path = MCCompassViewController.h; sourceTree = "<group>"; };
		82198F221BF70E3900EAF2E5 /* MCCompassViewController.m */ = {isa = PBXFileReference; fileEncoding = 4; lastKnownFileType = sourcecode.c.objc; path = MCCompassViewController.m; sourceTree = "<group>"; };
		82198F231BF70E3900EAF2E5 /* MCCompassViewController.xib */ = {isa = PBXFileReference; fileEncoding = 4; lastKnownFileType = file.xib; path = MCCompassViewController.xib; sourceTree = "<group>"; };
		82198F271BF70E4C00EAF2E5 /* MCDreamCateViewController.h */ = {isa = PBXFileReference; fileEncoding = 4; lastKnownFileType = sourcecode.c.h; path = MCDreamCateViewController.h; sourceTree = "<group>"; };
		82198F281BF70E4C00EAF2E5 /* MCDreamCateViewController.m */ = {isa = PBXFileReference; fileEncoding = 4; lastKnownFileType = sourcecode.c.objc; path = MCDreamCateViewController.m; sourceTree = "<group>"; };
		82198F291BF70E4C00EAF2E5 /* MCDreamCateViewController.xib */ = {isa = PBXFileReference; fileEncoding = 4; lastKnownFileType = file.xib; path = MCDreamCateViewController.xib; sourceTree = "<group>"; };
		82198F2A1BF70E4C00EAF2E5 /* MCDreamDetailViewController.h */ = {isa = PBXFileReference; fileEncoding = 4; lastKnownFileType = sourcecode.c.h; path = MCDreamDetailViewController.h; sourceTree = "<group>"; };
		82198F2B1BF70E4C00EAF2E5 /* MCDreamDetailViewController.m */ = {isa = PBXFileReference; fileEncoding = 4; lastKnownFileType = sourcecode.c.objc; path = MCDreamDetailViewController.m; sourceTree = "<group>"; };
		82198F2C1BF70E4C00EAF2E5 /* MCDreamDetailViewController.xib */ = {isa = PBXFileReference; fileEncoding = 4; lastKnownFileType = file.xib; path = MCDreamDetailViewController.xib; sourceTree = "<group>"; };
		82198F2D1BF70E4C00EAF2E5 /* MCDreamListViewController.h */ = {isa = PBXFileReference; fileEncoding = 4; lastKnownFileType = sourcecode.c.h; path = MCDreamListViewController.h; sourceTree = "<group>"; };
		82198F2E1BF70E4C00EAF2E5 /* MCDreamListViewController.m */ = {isa = PBXFileReference; fileEncoding = 4; lastKnownFileType = sourcecode.c.objc; path = MCDreamListViewController.m; sourceTree = "<group>"; };
		82198F2F1BF70E4C00EAF2E5 /* MCDreamListViewController.xib */ = {isa = PBXFileReference; fileEncoding = 4; lastKnownFileType = file.xib; path = MCDreamListViewController.xib; sourceTree = "<group>"; };
		82198F371BF70E6400EAF2E5 /* MCFlashlightViewController.h */ = {isa = PBXFileReference; fileEncoding = 4; lastKnownFileType = sourcecode.c.h; path = MCFlashlightViewController.h; sourceTree = "<group>"; };
		82198F381BF70E6400EAF2E5 /* MCFlashlightViewController.m */ = {isa = PBXFileReference; fileEncoding = 4; lastKnownFileType = sourcecode.c.objc; path = MCFlashlightViewController.m; sourceTree = "<group>"; };
		82198F391BF70E6400EAF2E5 /* MCFlashlightViewController.xib */ = {isa = PBXFileReference; fileEncoding = 4; lastKnownFileType = file.xib; path = MCFlashlightViewController.xib; sourceTree = "<group>"; };
		82198F3C1BF70E9800EAF2E5 /* Notepad.storyboard */ = {isa = PBXFileReference; fileEncoding = 4; lastKnownFileType = file.storyboard; path = Notepad.storyboard; sourceTree = "<group>"; };
		82198F3E1BF70EBF00EAF2E5 /* MCNotepadViewController.h */ = {isa = PBXFileReference; fileEncoding = 4; lastKnownFileType = sourcecode.c.h; path = MCNotepadViewController.h; sourceTree = "<group>"; };
		82198F3F1BF70EBF00EAF2E5 /* MCNotepadViewController.m */ = {isa = PBXFileReference; fileEncoding = 4; lastKnownFileType = sourcecode.c.objc; path = MCNotepadViewController.m; sourceTree = "<group>"; };
		82198F401BF70EBF00EAF2E5 /* MCNotepadViewController.xib */ = {isa = PBXFileReference; fileEncoding = 4; lastKnownFileType = file.xib; path = MCNotepadViewController.xib; sourceTree = "<group>"; };
		82198F441BF7106D00EAF2E5 /* MCMirrorViewController.h */ = {isa = PBXFileReference; fileEncoding = 4; lastKnownFileType = sourcecode.c.h; path = MCMirrorViewController.h; sourceTree = "<group>"; };
		82198F451BF7106D00EAF2E5 /* MCMirrorViewController.m */ = {isa = PBXFileReference; fileEncoding = 4; lastKnownFileType = sourcecode.c.objc; path = MCMirrorViewController.m; sourceTree = "<group>"; };
		82198F461BF7106D00EAF2E5 /* MCMirrorViewController.xib */ = {isa = PBXFileReference; fileEncoding = 4; lastKnownFileType = file.xib; path = MCMirrorViewController.xib; sourceTree = "<group>"; };
		82198F4C1BF710B700EAF2E5 /* SizeControl.storyboard */ = {isa = PBXFileReference; fileEncoding = 4; lastKnownFileType = file.storyboard; path = SizeControl.storyboard; sourceTree = "<group>"; };
		82198F4E1BF710CA00EAF2E5 /* MCSizeControlViewController.h */ = {isa = PBXFileReference; fileEncoding = 4; lastKnownFileType = sourcecode.c.h; path = MCSizeControlViewController.h; sourceTree = "<group>"; };
		82198F4F1BF710CA00EAF2E5 /* MCSizeControlViewController.m */ = {isa = PBXFileReference; fileEncoding = 4; lastKnownFileType = sourcecode.c.objc; path = MCSizeControlViewController.m; sourceTree = "<group>"; };
		82198F501BF710CA00EAF2E5 /* MCSizeControlViewController.xib */ = {isa = PBXFileReference; fileEncoding = 4; lastKnownFileType = file.xib; path = MCSizeControlViewController.xib; sourceTree = "<group>"; };
		821E5B961C0211D000F90770 /* MCBirthdayManager.h */ = {isa = PBXFileReference; fileEncoding = 4; lastKnownFileType = sourcecode.c.h; path = MCBirthdayManager.h; sourceTree = "<group>"; };
		821E5B971C0211D000F90770 /* MCBirthdayManager.m */ = {isa = PBXFileReference; fileEncoding = 4; lastKnownFileType = sourcecode.c.objc; path = MCBirthdayManager.m; sourceTree = "<group>"; };
		821E5B9A1C0212DF00F90770 /* MCBirthday.h */ = {isa = PBXFileReference; fileEncoding = 4; lastKnownFileType = sourcecode.c.h; path = MCBirthday.h; sourceTree = "<group>"; };
		821E5B9B1C0212DF00F90770 /* MCBirthday.m */ = {isa = PBXFileReference; fileEncoding = 4; lastKnownFileType = sourcecode.c.objc; path = MCBirthday.m; sourceTree = "<group>"; };
		821E5B9D1C021F9800F90770 /* MCBirthdayEditViewController.h */ = {isa = PBXFileReference; fileEncoding = 4; lastKnownFileType = sourcecode.c.h; path = MCBirthdayEditViewController.h; sourceTree = "<group>"; };
		821E5B9E1C021F9800F90770 /* MCBirthdayEditViewController.m */ = {isa = PBXFileReference; fileEncoding = 4; lastKnownFileType = sourcecode.c.objc; path = MCBirthdayEditViewController.m; sourceTree = "<group>"; };
		821E5B9F1C021F9800F90770 /* MCBirthdayEditViewController.xib */ = {isa = PBXFileReference; fileEncoding = 4; lastKnownFileType = file.xib; path = MCBirthdayEditViewController.xib; sourceTree = "<group>"; };
		821E5BA31C0229E000F90770 /* MCBirthdayDatePicker.h */ = {isa = PBXFileReference; fileEncoding = 4; lastKnownFileType = sourcecode.c.h; path = MCBirthdayDatePicker.h; sourceTree = "<group>"; };
		821E5BA41C0229E000F90770 /* MCBirthdayDatePicker.m */ = {isa = PBXFileReference; fileEncoding = 4; lastKnownFileType = sourcecode.c.objc; path = MCBirthdayDatePicker.m; sourceTree = "<group>"; };
		821E5BA61C0229EB00F90770 /* MCBirthdayDatePicker.xib */ = {isa = PBXFileReference; fileEncoding = 4; lastKnownFileType = file.xib; path = MCBirthdayDatePicker.xib; sourceTree = "<group>"; };
		821FF0B71BF398C200EBC169 /* dream.sqlite */ = {isa = PBXFileReference; lastKnownFileType = file; path = dream.sqlite; sourceTree = "<group>"; };
		8222505E1C00C08200F60708 /* MCDateExtension.h */ = {isa = PBXFileReference; fileEncoding = 4; lastKnownFileType = sourcecode.c.h; path = MCDateExtension.h; sourceTree = "<group>"; };
		8222505F1C00C08200F60708 /* MCDateExtension.m */ = {isa = PBXFileReference; fileEncoding = 4; lastKnownFileType = sourcecode.c.objc; path = MCDateExtension.m; sourceTree = "<group>"; };
		822250601C00C08200F60708 /* MCStringExtension.h */ = {isa = PBXFileReference; fileEncoding = 4; lastKnownFileType = sourcecode.c.h; path = MCStringExtension.h; sourceTree = "<group>"; };
		822250611C00C08200F60708 /* MCStringExtension.m */ = {isa = PBXFileReference; fileEncoding = 4; lastKnownFileType = sourcecode.c.objc; path = MCStringExtension.m; sourceTree = "<group>"; };
		822250651C00C53C00F60708 /* MCAddress.h */ = {isa = PBXFileReference; fileEncoding = 4; lastKnownFileType = sourcecode.c.h; path = MCAddress.h; sourceTree = "<group>"; };
		822250661C00C53C00F60708 /* MCAddress.m */ = {isa = PBXFileReference; fileEncoding = 4; lastKnownFileType = sourcecode.c.objc; path = MCAddress.m; sourceTree = "<group>"; };
		822250681C00C64C00F60708 /* MCDate+Info.h */ = {isa = PBXFileReference; fileEncoding = 4; lastKnownFileType = sourcecode.c.h; path = "MCDate+Info.h"; sourceTree = "<group>"; };
		822250691C00C64C00F60708 /* MCDate+Info.m */ = {isa = PBXFileReference; fileEncoding = 4; lastKnownFileType = sourcecode.c.objc; path = "MCDate+Info.m"; sourceTree = "<group>"; };
		82273FC81BDB2A6100AFDEAF /* MCNavigationController.h */ = {isa = PBXFileReference; fileEncoding = 4; lastKnownFileType = sourcecode.c.h; path = MCNavigationController.h; sourceTree = "<group>"; };
		82273FC91BDB2A6100AFDEAF /* MCNavigationController.m */ = {isa = PBXFileReference; fileEncoding = 4; lastKnownFileType = sourcecode.c.objc; path = MCNavigationController.m; sourceTree = "<group>"; };
		82273FCA1BDB2A6100AFDEAF /* MCNavigationController.xib */ = {isa = PBXFileReference; fileEncoding = 4; lastKnownFileType = file.xib; path = MCNavigationController.xib; sourceTree = "<group>"; };
		82273FCB1BDB2A6100AFDEAF /* MCTabBarController.h */ = {isa = PBXFileReference; fileEncoding = 4; lastKnownFileType = sourcecode.c.h; path = MCTabBarController.h; sourceTree = "<group>"; };
		82273FCC1BDB2A6100AFDEAF /* MCTabBarController.m */ = {isa = PBXFileReference; fileEncoding = 4; lastKnownFileType = sourcecode.c.objc; path = MCTabBarController.m; sourceTree = "<group>"; };
		82273FCD1BDB2A6100AFDEAF /* MCTabBarController.xib */ = {isa = PBXFileReference; fileEncoding = 4; lastKnownFileType = file.xib; path = MCTabBarController.xib; sourceTree = "<group>"; };
		82273FD11BDB2A6100AFDEAF /* MCViewController.h */ = {isa = PBXFileReference; fileEncoding = 4; lastKnownFileType = sourcecode.c.h; path = MCViewController.h; sourceTree = "<group>"; };
		82273FD21BDB2A6100AFDEAF /* MCViewController.m */ = {isa = PBXFileReference; fileEncoding = 4; lastKnownFileType = sourcecode.c.objc; path = MCViewController.m; sourceTree = "<group>"; };
		82273FD31BDB2A6100AFDEAF /* MCViewController.xib */ = {isa = PBXFileReference; fileEncoding = 4; lastKnownFileType = file.xib; path = MCViewController.xib; sourceTree = "<group>"; };
		82273FDE1BDB2A8B00AFDEAF /* AppDelegate.h */ = {isa = PBXFileReference; fileEncoding = 4; lastKnownFileType = sourcecode.c.h; path = AppDelegate.h; sourceTree = "<group>"; };
		82273FDF1BDB2A8B00AFDEAF /* AppDelegate.m */ = {isa = PBXFileReference; fileEncoding = 4; lastKnownFileType = sourcecode.c.objc; path = AppDelegate.m; sourceTree = "<group>"; };
		82273FE21BDB2AB200AFDEAF /* MCRootViewController.h */ = {isa = PBXFileReference; fileEncoding = 4; lastKnownFileType = sourcecode.c.h; path = MCRootViewController.h; sourceTree = "<group>"; };
		82273FE41BDB2AB200AFDEAF /* MCRootViewController.xib */ = {isa = PBXFileReference; fileEncoding = 4; lastKnownFileType = file.xib; path = MCRootViewController.xib; sourceTree = "<group>"; };
		82273FE71BDB2F7800AFDEAF /* LaunchScreen.storyboard */ = {isa = PBXFileReference; fileEncoding = 4; lastKnownFileType = file.storyboard; path = LaunchScreen.storyboard; sourceTree = "<group>"; };
		82273FEE1BDB395600AFDEAF /* MCWeatherViewController.h */ = {isa = PBXFileReference; fileEncoding = 4; lastKnownFileType = sourcecode.c.h; path = MCWeatherViewController.h; sourceTree = "<group>"; };
		82273FEF1BDB395600AFDEAF /* MCWeatherViewController.m */ = {isa = PBXFileReference; fileEncoding = 4; lastKnownFileType = sourcecode.c.objc; path = MCWeatherViewController.m; sourceTree = "<group>"; };
		82273FF01BDB395600AFDEAF /* MCWeatherViewController.xib */ = {isa = PBXFileReference; fileEncoding = 4; lastKnownFileType = file.xib; path = MCWeatherViewController.xib; sourceTree = "<group>"; };
		82273FF31BDB397B00AFDEAF /* MCRootWeatherViewController.h */ = {isa = PBXFileReference; fileEncoding = 4; lastKnownFileType = sourcecode.c.h; path = MCRootWeatherViewController.h; sourceTree = "<group>"; };
		82273FF41BDB397B00AFDEAF /* MCRootWeatherViewController.m */ = {isa = PBXFileReference; fileEncoding = 4; lastKnownFileType = sourcecode.c.objc; path = MCRootWeatherViewController.m; sourceTree = "<group>"; };
		82273FF51BDB397B00AFDEAF /* MCRootWeatherViewController.xib */ = {isa = PBXFileReference; fileEncoding = 4; lastKnownFileType = file.xib; path = MCRootWeatherViewController.xib; sourceTree = "<group>"; };
		822D2D571BDFB4AC00BB0CD1 /* MCWeatherNow.h */ = {isa = PBXFileReference; fileEncoding = 4; lastKnownFileType = sourcecode.c.h; path = MCWeatherNow.h; sourceTree = "<group>"; };
		822D2D581BDFB4AC00BB0CD1 /* MCWeatherNow.m */ = {isa = PBXFileReference; fileEncoding = 4; lastKnownFileType = sourcecode.c.objc; path = MCWeatherNow.m; sourceTree = "<group>"; };
		823476831BF8D31C00A99554 /* MCSizeControlButton.h */ = {isa = PBXFileReference; fileEncoding = 4; lastKnownFileType = sourcecode.c.h; path = MCSizeControlButton.h; sourceTree = "<group>"; };
		823476841BF8D31C00A99554 /* MCSizeControlButton.m */ = {isa = PBXFileReference; fileEncoding = 4; lastKnownFileType = sourcecode.c.objc; path = MCSizeControlButton.m; sourceTree = "<group>"; };
		823476861BF8D3DD00A99554 /* MCSizeControlChooseView.h */ = {isa = PBXFileReference; fileEncoding = 4; lastKnownFileType = sourcecode.c.h; path = MCSizeControlChooseView.h; sourceTree = "<group>"; };
		823476871BF8D3DD00A99554 /* MCSizeControlChooseView.m */ = {isa = PBXFileReference; fileEncoding = 4; lastKnownFileType = sourcecode.c.objc; path = MCSizeControlChooseView.m; sourceTree = "<group>"; };
		82359E321BF37376000AB501 /* MCRootChooseView.h */ = {isa = PBXFileReference; fileEncoding = 4; lastKnownFileType = sourcecode.c.h; path = MCRootChooseView.h; sourceTree = "<group>"; };
		82359E331BF37376000AB501 /* MCRootChooseView.m */ = {isa = PBXFileReference; fileEncoding = 4; lastKnownFileType = sourcecode.c.objc; path = MCRootChooseView.m; sourceTree = "<group>"; };
		8245AA031BF4D904009B5640 /* MCDreamCateSearchHeader.h */ = {isa = PBXFileReference; fileEncoding = 4; lastKnownFileType = sourcecode.c.h; path = MCDreamCateSearchHeader.h; sourceTree = "<group>"; };
		8245AA041BF4D904009B5640 /* MCDreamCateSearchHeader.m */ = {isa = PBXFileReference; fileEncoding = 4; lastKnownFileType = sourcecode.c.objc; path = MCDreamCateSearchHeader.m; sourceTree = "<group>"; };
		8245AA051BF4D904009B5640 /* MCDreamCateSearchHeader.xib */ = {isa = PBXFileReference; fileEncoding = 4; lastKnownFileType = file.xib; path = MCDreamCateSearchHeader.xib; sourceTree = "<group>"; };
		8245AA081BF4D91E009B5640 /* MCDreamCateCell.h */ = {isa = PBXFileReference; fileEncoding = 4; lastKnownFileType = sourcecode.c.h; path = MCDreamCateCell.h; sourceTree = "<group>"; };
		8245AA091BF4D91E009B5640 /* MCDreamCateCell.m */ = {isa = PBXFileReference; fileEncoding = 4; lastKnownFileType = sourcecode.c.objc; path = MCDreamCateCell.m; sourceTree = "<group>"; };
		8245AA0A1BF4D91E009B5640 /* MCDreamCateCell.xib */ = {isa = PBXFileReference; fileEncoding = 4; lastKnownFileType = file.xib; path = MCDreamCateCell.xib; sourceTree = "<group>"; };
		824D5CE41BFA3786006069FE /* MCNotepadCell.h */ = {isa = PBXFileReference; fileEncoding = 4; lastKnownFileType = sourcecode.c.h; path = MCNotepadCell.h; sourceTree = "<group>"; };
		824D5CE51BFA3786006069FE /* MCNotepadCell.m */ = {isa = PBXFileReference; fileEncoding = 4; lastKnownFileType = sourcecode.c.objc; path = MCNotepadCell.m; sourceTree = "<group>"; };
		824D5CE61BFA3786006069FE /* MCNotepadCell.xib */ = {isa = PBXFileReference; fileEncoding = 4; lastKnownFileType = file.xib; path = MCNotepadCell.xib; sourceTree = "<group>"; };
		829C08341BF4C9090043905E /* AppDelegate+Base.h */ = {isa = PBXFileReference; fileEncoding = 4; lastKnownFileType = sourcecode.c.h; path = "AppDelegate+Base.h"; sourceTree = "<group>"; };
		829C08351BF4C9090043905E /* AppDelegate+Base.m */ = {isa = PBXFileReference; fileEncoding = 4; lastKnownFileType = sourcecode.c.objc; path = "AppDelegate+Base.m"; sourceTree = "<group>"; };
		82A085311C0041490051B23D /* MCNotepadBigImageCell.h */ = {isa = PBXFileReference; fileEncoding = 4; lastKnownFileType = sourcecode.c.h; path = MCNotepadBigImageCell.h; sourceTree = "<group>"; };
		82A085321C0041490051B23D /* MCNotepadBigImageCell.m */ = {isa = PBXFileReference; fileEncoding = 4; lastKnownFileType = sourcecode.c.objc; path = MCNotepadBigImageCell.m; sourceTree = "<group>"; };
		82A085331C0041490051B23D /* MCNotepadBigImageCell.xib */ = {isa = PBXFileReference; fileEncoding = 4; lastKnownFileType = file.xib; path = MCNotepadBigImageCell.xib; sourceTree = "<group>"; };
		82A085391C0051900051B23D /* MCBirthdayViewController.h */ = {isa = PBXFileReference; fileEncoding = 4; lastKnownFileType = sourcecode.c.h; path = MCBirthdayViewController.h; sourceTree = "<group>"; };
		82A0853A1C0051900051B23D /* MCBirthdayViewController.m */ = {isa = PBXFileReference; fileEncoding = 4; lastKnownFileType = sourcecode.c.objc; path = MCBirthdayViewController.m; sourceTree = "<group>"; };
		82A0853B1C0051900051B23D /* MCBirthdayViewController.xib */ = {isa = PBXFileReference; fileEncoding = 4; lastKnownFileType = file.xib; path = MCBirthdayViewController.xib; sourceTree = "<group>"; };
		82A0853E1C0051AC0051B23D /* Birthday.storyboard */ = {isa = PBXFileReference; fileEncoding = 4; lastKnownFileType = file.storyboard; path = Birthday.storyboard; sourceTree = "<group>"; };
		82B4D6671BDE51C500FCA1C2 /* MCLocationManager.h */ = {isa = PBXFileReference; fileEncoding = 4; lastKnownFileType = sourcecode.c.h; path = MCLocationManager.h; sourceTree = "<group>"; };
		82B4D6681BDE51C500FCA1C2 /* MCLocationManager.m */ = {isa = PBXFileReference; fileEncoding = 4; lastKnownFileType = sourcecode.c.objc; path = MCLocationManager.m; sourceTree = "<group>"; };
		82B4D66A1BDE5D5C00FCA1C2 /* MCRootViewController.m */ = {isa = PBXFileReference; fileEncoding = 4; lastKnownFileType = sourcecode.c.objc; path = MCRootViewController.m; sourceTree = "<group>"; };
		82B4D66F1BDE692100FCA1C2 /* APIStoreRequest.h */ = {isa = PBXFileReference; fileEncoding = 4; lastKnownFileType = sourcecode.c.h; path = APIStoreRequest.h; sourceTree = "<group>"; };
		82B4D6701BDE692100FCA1C2 /* APIStoreRequest.m */ = {isa = PBXFileReference; fileEncoding = 4; lastKnownFileType = sourcecode.c.objc; path = APIStoreRequest.m; sourceTree = "<group>"; };
		82D806211BFB7FE00092F3D4 /* MCNotepadEditViewController.h */ = {isa = PBXFileReference; fileEncoding = 4; lastKnownFileType = sourcecode.c.h; path = MCNotepadEditViewController.h; sourceTree = "<group>"; };
		82D806221BFB7FE00092F3D4 /* MCNotepadEditViewController.m */ = {isa = PBXFileReference; fileEncoding = 4; lastKnownFileType = sourcecode.c.objc; path = MCNotepadEditViewController.m; sourceTree = "<group>"; };
		82D806231BFB7FE00092F3D4 /* MCNotepadEditViewController.xib */ = {isa = PBXFileReference; fileEncoding = 4; lastKnownFileType = file.xib; path = MCNotepadEditViewController.xib; sourceTree = "<group>"; };
		82EFB6F91BDC8E4B008A978C /* MCWeatherProvince.h */ = {isa = PBXFileReference; fileEncoding = 4; lastKnownFileType = sourcecode.c.h; path = MCWeatherProvince.h; sourceTree = "<group>"; };
		82EFB6FA1BDC8E4B008A978C /* MCWeatherProvince.m */ = {isa = PBXFileReference; fileEncoding = 4; lastKnownFileType = sourcecode.c.objc; path = MCWeatherProvince.m; sourceTree = "<group>"; };
		82EFB6FC1BDC8E5B008A978C /* MCWeatherCity.h */ = {isa = PBXFileReference; fileEncoding = 4; lastKnownFileType = sourcecode.c.h; path = MCWeatherCity.h; sourceTree = "<group>"; };
		82EFB6FD1BDC8E5B008A978C /* MCWeatherCity.m */ = {isa = PBXFileReference; fileEncoding = 4; lastKnownFileType = sourcecode.c.objc; path = MCWeatherCity.m; sourceTree = "<group>"; };
		82EFB6FF1BDC8E6E008A978C /* MCWeatherArea.h */ = {isa = PBXFileReference; fileEncoding = 4; lastKnownFileType = sourcecode.c.h; path = MCWeatherArea.h; sourceTree = "<group>"; };
		82EFB7001BDC8E6E008A978C /* MCWeatherArea.m */ = {isa = PBXFileReference; fileEncoding = 4; lastKnownFileType = sourcecode.c.objc; path = MCWeatherArea.m; sourceTree = "<group>"; };
		82EFB7021BDC91EE008A978C /* MCWeatherManager.h */ = {isa = PBXFileReference; fileEncoding = 4; lastKnownFileType = sourcecode.c.h; path = MCWeatherManager.h; sourceTree = "<group>"; };
		82EFB7031BDC91EE008A978C /* MCWeatherManager.m */ = {isa = PBXFileReference; fileEncoding = 4; lastKnownFileType = sourcecode.c.objc; path = MCWeatherManager.m; sourceTree = "<group>"; };
		82EFB7151BDC9AE7008A978C /* MCDevice.h */ = {isa = PBXFileReference; fileEncoding = 4; lastKnownFileType = sourcecode.c.h; path = MCDevice.h; sourceTree = "<group>"; };
		82EFB7161BDC9AE7008A978C /* MCDevice.m */ = {isa = PBXFileReference; fileEncoding = 4; lastKnownFileType = sourcecode.c.objc; path = MCDevice.m; sourceTree = "<group>"; };
		82EFB7191BDC9AE7008A978C /* MCDrawImage.h */ = {isa = PBXFileReference; fileEncoding = 4; lastKnownFileType = sourcecode.c.h; path = MCDrawImage.h; sourceTree = "<group>"; };
		82EFB71A1BDC9AE7008A978C /* MCDrawImage.m */ = {isa = PBXFileReference; fileEncoding = 4; lastKnownFileType = sourcecode.c.objc; path = MCDrawImage.m; sourceTree = "<group>"; };
		82EFB71B1BDC9AE7008A978C /* MCHTTPConnection.h */ = {isa = PBXFileReference; fileEncoding = 4; lastKnownFileType = sourcecode.c.h; path = MCHTTPConnection.h; sourceTree = "<group>"; };
		82EFB71C1BDC9AE7008A978C /* MCHTTPConnection.m */ = {isa = PBXFileReference; fileEncoding = 4; lastKnownFileType = sourcecode.c.objc; path = MCHTTPConnection.m; sourceTree = "<group>"; };
		82EFB71D1BDC9AE7008A978C /* MCImageExtension.h */ = {isa = PBXFileReference; fileEncoding = 4; lastKnownFileType = sourcecode.c.h; path = MCImageExtension.h; sourceTree = "<group>"; };
		82EFB71E1BDC9AE7008A978C /* MCImageExtension.m */ = {isa = PBXFileReference; fileEncoding = 4; lastKnownFileType = sourcecode.c.objc; path = MCImageExtension.m; sourceTree = "<group>"; };
		82EFB7211BDC9AE7008A978C /* MingleChang.h */ = {isa = PBXFileReference; fileEncoding = 4; lastKnownFileType = sourcecode.c.h; path = MingleChang.h; sourceTree = "<group>"; };
		AC339506E995F7AFD8AFAFAD /* libPods.a */ = {isa = PBXFileReference; explicitFileType = archive.ar; includeInIndex = 0; path = libPods.a; sourceTree = BUILT_PRODUCTS_DIR; };
		BC0553AA50D7379E8A437931 /* Pods.release.xcconfig */ = {isa = PBXFileReference; includeInIndex = 1; lastKnownFileType = text.xcconfig; name = Pods.release.xcconfig; path = "Pods/Target Support Files/Pods/Pods.release.xcconfig"; sourceTree = "<group>"; };
		C6E6F4DCD596D768B5724709 /* Pods.debug.xcconfig */ = {isa = PBXFileReference; includeInIndex = 1; lastKnownFileType = text.xcconfig; name = Pods.debug.xcconfig; path = "Pods/Target Support Files/Pods/Pods.debug.xcconfig"; sourceTree = "<group>"; };
/* End PBXFileReference section */

/* Begin PBXFrameworksBuildPhase section */
		8205FE361BD68BB400EC838E /* Frameworks */ = {
			isa = PBXFrameworksBuildPhase;
			buildActionMask = 2147483647;
			files = (
				A2BE7E7E883B9BA79B3EBD53 /* libPods.a in Frameworks */,
			);
			runOnlyForDeploymentPostprocessing = 0;
		};
/* End PBXFrameworksBuildPhase section */

/* Begin PBXGroup section */
		4C28F2531BF41EA00017DAF0 /* Helper */ = {
			isa = PBXGroup;
			children = (
				4C28F2641BF41F450017DAF0 /* MCDreamManager.h */,
				4C28F2651BF41F450017DAF0 /* MCDreamManager.m */,
			);
			path = Helper;
			sourceTree = "<group>";
		};
		4C28F2671BF4212E0017DAF0 /* Model */ = {
			isa = PBXGroup;
			children = (
				4C28F2681BF4213B0017DAF0 /* MCDreamCate.h */,
				4C28F2691BF4213B0017DAF0 /* MCDreamCate.m */,
				4C28F26B1BF4214B0017DAF0 /* MCZGDream.h */,
				4C28F26C1BF4214B0017DAF0 /* MCZGDream.m */,
			);
			path = Model;
			sourceTree = "<group>";
		};
		4C30C2ED1BDF67DB00E6E2C5 /* CityModel */ = {
			isa = PBXGroup;
			children = (
				82EFB6F91BDC8E4B008A978C /* MCWeatherProvince.h */,
				82EFB6FA1BDC8E4B008A978C /* MCWeatherProvince.m */,
				82EFB6FC1BDC8E5B008A978C /* MCWeatherCity.h */,
				82EFB6FD1BDC8E5B008A978C /* MCWeatherCity.m */,
				82EFB6FF1BDC8E6E008A978C /* MCWeatherArea.h */,
				82EFB7001BDC8E6E008A978C /* MCWeatherArea.m */,
			);
			name = CityModel;
			sourceTree = "<group>";
		};
		4C30C2EE1BDF67E700E6E2C5 /* WeatherModel */ = {
			isa = PBXGroup;
			children = (
				4C30C2EF1BDF6AAC00E6E2C5 /* MCWeatherIndex.h */,
				4C30C2F01BDF6AAC00E6E2C5 /* MCWeatherIndex.m */,
				4C30C2F21BDF6B4000E6E2C5 /* MCWeatherSuggestion.h */,
				4C30C2F31BDF6B4000E6E2C5 /* MCWeatherSuggestion.m */,
				4C30C2F51BDF6B7200E6E2C5 /* MCWeatherWind.h */,
				4C30C2F61BDF6B7200E6E2C5 /* MCWeatherWind.m */,
				4C30C2F81BDF6BB900E6E2C5 /* MCWeatherCond.h */,
				4C30C2F91BDF6BB900E6E2C5 /* MCWeatherCond.m */,
				4C30C3011BDF6CB800E6E2C5 /* MCWeatherAstro.h */,
				4C30C3021BDF6CB800E6E2C5 /* MCWeatherAstro.m */,
				4C30C3041BDF6CEC00E6E2C5 /* MCWeatherTmp.h */,
				4C30C3051BDF6CEC00E6E2C5 /* MCWeatherTmp.m */,
				4C30C2FB1BDF6C2900E6E2C5 /* MCWeatherDayInfo.h */,
				4C30C2FC1BDF6C2900E6E2C5 /* MCWeatherDayInfo.m */,
				4C30C2FE1BDF6C8000E6E2C5 /* MCWeatherHourInfo.h */,
				4C30C2FF1BDF6C8000E6E2C5 /* MCWeatherHourInfo.m */,
				4C30C3071BDF6D0500E6E2C5 /* MCWeatherBasic.h */,
				4C30C3081BDF6D0500E6E2C5 /* MCWeatherBasic.m */,
				4C30C30A1BDF6D1500E6E2C5 /* MCWeatherUpdate.h */,
				4C30C30B1BDF6D1500E6E2C5 /* MCWeatherUpdate.m */,
				822D2D571BDFB4AC00BB0CD1 /* MCWeatherNow.h */,
				822D2D581BDFB4AC00BB0CD1 /* MCWeatherNow.m */,
				4C30C30D1BDF6E7500E6E2C5 /* MCWeatherInfo.h */,
				4C30C30E1BDF6E7500E6E2C5 /* MCWeatherInfo.m */,
			);
			name = WeatherModel;
			sourceTree = "<group>";
		};
		4C44BAD01BF9A402005D5FEA /* Helper */ = {
			isa = PBXGroup;
			children = (
				4C44BAD11BF9A41C005D5FEA /* MCNotepadManager.h */,
				4C44BAD21BF9A41C005D5FEA /* MCNotepadManager.m */,
			);
			path = Helper;
			sourceTree = "<group>";
		};
		4C44BAD51BF9A6B6005D5FEA /* Model */ = {
			isa = PBXGroup;
			children = (
				4C44BAD61BF9A6CB005D5FEA /* MCNotepad.h */,
				4C44BAD71BF9A6CB005D5FEA /* MCNotepad.m */,
			);
			path = Model;
			sourceTree = "<group>";
		};
		4C4C96EC1BF30C0900471135 /* View */ = {
			isa = PBXGroup;
			children = (
				4C4C96ED1BF30C2100471135 /* MCToolCell.h */,
				4C4C96EE1BF30C2100471135 /* MCToolCell.m */,
				4C4C96EF1BF30C2100471135 /* MCToolCell.xib */,
				82359E321BF37376000AB501 /* MCRootChooseView.h */,
				82359E331BF37376000AB501 /* MCRootChooseView.m */,
			);
			path = View;
			sourceTree = "<group>";
		};
		4C7657AE1BF58F3F00FD75D3 /* Compass */ = {
			isa = PBXGroup;
			children = (
				82198F201BF70E3900EAF2E5 /* Controller */,
				4C7657AF1BF58F3F00FD75D3 /* Resources */,
			);
			path = Compass;
			sourceTree = "<group>";
		};
		4C7657AF1BF58F3F00FD75D3 /* Resources */ = {
			isa = PBXGroup;
			children = (
				4C7657B11BF58F4F00FD75D3 /* Compass.storyboard */,
			);
			path = Resources;
			sourceTree = "<group>";
		};
		4CD06AE71BF33B020065E215 /* Flashlight */ = {
			isa = PBXGroup;
			children = (
				82198F361BF70E6400EAF2E5 /* Controller */,
				4CD06AF51BF33B810065E215 /* Resources */,
			);
			path = Flashlight;
			sourceTree = "<group>";
		};
		4CD06AE91BF33B020065E215 /* Mirror */ = {
			isa = PBXGroup;
			children = (
				82198F431BF7106D00EAF2E5 /* Controller */,
				4CD06AF61BF33B940065E215 /* Resources */,
			);
			path = Mirror;
			sourceTree = "<group>";
		};
		4CD06AF51BF33B810065E215 /* Resources */ = {
			isa = PBXGroup;
			children = (
				4CD06AF71BF33BC30065E215 /* Flashlight.storyboard */,
			);
			path = Resources;
			sourceTree = "<group>";
		};
		4CD06AF61BF33B940065E215 /* Resources */ = {
			isa = PBXGroup;
			children = (
				4CD06AF91BF33BD00065E215 /* Mirror.storyboard */,
			);
			path = Resources;
			sourceTree = "<group>";
		};
		4CD06AFB1BF344220065E215 /* Resources */ = {
			isa = PBXGroup;
			children = (
				4CD06AFC1BF344220065E215 /* Weather.storyboard */,
				4CD06AFD1BF344220065E215 /* weather_citylist.json */,
			);
			path = Resources;
			sourceTree = "<group>";
		};
		8205FE301BD68BB400EC838E = {
			isa = PBXGroup;
			children = (
				8205FE3B1BD68BB400EC838E /* Tools */,
				8205FE3A1BD68BB400EC838E /* Products */,
				A366C7F1B83D8A0343408F9E /* Pods */,
				8FD0331F0B03CCEACDF3F8C4 /* Frameworks */,
			);
			sourceTree = "<group>";
		};
		8205FE3A1BD68BB400EC838E /* Products */ = {
			isa = PBXGroup;
			children = (
				8205FE391BD68BB400EC838E /* Tools.app */,
			);
			name = Products;
			sourceTree = "<group>";
		};
		8205FE3B1BD68BB400EC838E /* Tools */ = {
			isa = PBXGroup;
			children = (
				822E20F11BD9394F00F41211 /* Common */,
				82273FA91BDB297D00AFDEAF /* Root */,
				82273FE91BDB347800AFDEAF /* Weather */,
				4CD06AE71BF33B020065E215 /* Flashlight */,
				4CD06AE91BF33B020065E215 /* Mirror */,
				4C7657AE1BF58F3F00FD75D3 /* Compass */,
				821FF0B51BF398B400EBC169 /* Dream */,
				82198F171BF70DFD00EAF2E5 /* Notepad */,
				82198F491BF710A800EAF2E5 /* SizeControl */,
				82A085361C0051660051B23D /* Birthday */,
				822E20EC1BD938FB00F41211 /* Resources */,
				8205FE481BD68BB500EC838E /* Assets.xcassets */,
				8205FE3C1BD68BB400EC838E /* Supporting Files */,
			);
			path = Tools;
			sourceTree = "<group>";
		};
		8205FE3C1BD68BB400EC838E /* Supporting Files */ = {
			isa = PBXGroup;
			children = (
				82273FDE1BDB2A8B00AFDEAF /* AppDelegate.h */,
				82273FDF1BDB2A8B00AFDEAF /* AppDelegate.m */,
				829C08341BF4C9090043905E /* AppDelegate+Base.h */,
				829C08351BF4C9090043905E /* AppDelegate+Base.m */,
				8205FE4D1BD68BB500EC838E /* Info.plist */,
				8205FE3D1BD68BB400EC838E /* main.m */,
			);
			name = "Supporting Files";
			sourceTree = "<group>";
		};
		820935C01BF2319B00F032AA /* Model */ = {
			isa = PBXGroup;
			children = (
				820935CD1BF2341500F032AA /* MCToolCate.h */,
				820935CE1BF2341500F032AA /* MCToolCate.m */,
				820935D01BF2342300F032AA /* MCTool.h */,
				820935D11BF2342300F032AA /* MCTool.m */,
			);
			path = Model;
			sourceTree = "<group>";
		};
		820935C11BF231A800F032AA /* Helper */ = {
			isa = PBXGroup;
			children = (
				820935C81BF231F600F032AA /* MCToolManager.h */,
				820935C91BF231F600F032AA /* MCToolManager.m */,
			);
			path = Helper;
			sourceTree = "<group>";
		};
		821166661BE265C0009227D2 /* Resources */ = {
			isa = PBXGroup;
			children = (
				821166671BE265D0009227D2 /* Root.storyboard */,
				820935CB1BF2340100F032AA /* tools.json */,
			);
			path = Resources;
			sourceTree = "<group>";
		};
		82198F171BF70DFD00EAF2E5 /* Notepad */ = {
			isa = PBXGroup;
			children = (
				824D5CE31BFA3768006069FE /* View */,
				4C44BAD51BF9A6B6005D5FEA /* Model */,
				4C44BAD01BF9A402005D5FEA /* Helper */,
				82198F181BF70DFD00EAF2E5 /* Controller */,
				82198F191BF70DFD00EAF2E5 /* Resources */,
			);
			path = Notepad;
			sourceTree = "<group>";
		};
		82198F181BF70DFD00EAF2E5 /* Controller */ = {
			isa = PBXGroup;
			children = (
				82198F3E1BF70EBF00EAF2E5 /* MCNotepadViewController.h */,
				82198F3F1BF70EBF00EAF2E5 /* MCNotepadViewController.m */,
				82198F401BF70EBF00EAF2E5 /* MCNotepadViewController.xib */,
				82D806211BFB7FE00092F3D4 /* MCNotepadEditViewController.h */,
				82D806221BFB7FE00092F3D4 /* MCNotepadEditViewController.m */,
				82D806231BFB7FE00092F3D4 /* MCNotepadEditViewController.xib */,
				4C4FB3991BFF11C8006D3325 /* MCNotepadImageShowViewController.h */,
				4C4FB39A1BFF11C8006D3325 /* MCNotepadImageShowViewController.m */,
				4C4FB39B1BFF11C8006D3325 /* MCNotepadImageShowViewController.xib */,
			);
			path = Controller;
			sourceTree = "<group>";
		};
		82198F191BF70DFD00EAF2E5 /* Resources */ = {
			isa = PBXGroup;
			children = (
				82198F3C1BF70E9800EAF2E5 /* Notepad.storyboard */,
			);
			path = Resources;
			sourceTree = "<group>";
		};
		82198F201BF70E3900EAF2E5 /* Controller */ = {
			isa = PBXGroup;
			children = (
				82198F211BF70E3900EAF2E5 /* MCCompassViewController.h */,
				82198F221BF70E3900EAF2E5 /* MCCompassViewController.m */,
				82198F231BF70E3900EAF2E5 /* MCCompassViewController.xib */,
			);
			path = Controller;
			sourceTree = "<group>";
		};
		82198F261BF70E4C00EAF2E5 /* Controller */ = {
			isa = PBXGroup;
			children = (
				82198F271BF70E4C00EAF2E5 /* MCDreamCateViewController.h */,
				82198F281BF70E4C00EAF2E5 /* MCDreamCateViewController.m */,
				82198F291BF70E4C00EAF2E5 /* MCDreamCateViewController.xib */,
				82198F2A1BF70E4C00EAF2E5 /* MCDreamDetailViewController.h */,
				82198F2B1BF70E4C00EAF2E5 /* MCDreamDetailViewController.m */,
				82198F2C1BF70E4C00EAF2E5 /* MCDreamDetailViewController.xib */,
				82198F2D1BF70E4C00EAF2E5 /* MCDreamListViewController.h */,
				82198F2E1BF70E4C00EAF2E5 /* MCDreamListViewController.m */,
				82198F2F1BF70E4C00EAF2E5 /* MCDreamListViewController.xib */,
			);
			path = Controller;
			sourceTree = "<group>";
		};
		82198F361BF70E6400EAF2E5 /* Controller */ = {
			isa = PBXGroup;
			children = (
				82198F371BF70E6400EAF2E5 /* MCFlashlightViewController.h */,
				82198F381BF70E6400EAF2E5 /* MCFlashlightViewController.m */,
				82198F391BF70E6400EAF2E5 /* MCFlashlightViewController.xib */,
			);
			path = Controller;
			sourceTree = "<group>";
		};
		82198F431BF7106D00EAF2E5 /* Controller */ = {
			isa = PBXGroup;
			children = (
				82198F441BF7106D00EAF2E5 /* MCMirrorViewController.h */,
				82198F451BF7106D00EAF2E5 /* MCMirrorViewController.m */,
				82198F461BF7106D00EAF2E5 /* MCMirrorViewController.xib */,
			);
			path = Controller;
			sourceTree = "<group>";
		};
		82198F491BF710A800EAF2E5 /* SizeControl */ = {
			isa = PBXGroup;
			children = (
				823476821BF8D2FD00A99554 /* View */,
				82198F4A1BF710A800EAF2E5 /* Controller */,
				82198F4B1BF710A800EAF2E5 /* Resources */,
			);
			path = SizeControl;
			sourceTree = "<group>";
		};
		82198F4A1BF710A800EAF2E5 /* Controller */ = {
			isa = PBXGroup;
			children = (
				82198F4E1BF710CA00EAF2E5 /* MCSizeControlViewController.h */,
				82198F4F1BF710CA00EAF2E5 /* MCSizeControlViewController.m */,
				82198F501BF710CA00EAF2E5 /* MCSizeControlViewController.xib */,
			);
			path = Controller;
			sourceTree = "<group>";
		};
		82198F4B1BF710A800EAF2E5 /* Resources */ = {
			isa = PBXGroup;
			children = (
				82198F4C1BF710B700EAF2E5 /* SizeControl.storyboard */,
			);
			path = Resources;
			sourceTree = "<group>";
		};
		821E5B951C0211A200F90770 /* Helper */ = {
			isa = PBXGroup;
			children = (
				821E5B961C0211D000F90770 /* MCBirthdayManager.h */,
				821E5B971C0211D000F90770 /* MCBirthdayManager.m */,
			);
			path = Helper;
			sourceTree = "<group>";
		};
		821E5B991C0212CD00F90770 /* Model */ = {
			isa = PBXGroup;
			children = (
				821E5B9A1C0212DF00F90770 /* MCBirthday.h */,
				821E5B9B1C0212DF00F90770 /* MCBirthday.m */,
			);
			path = Model;
			sourceTree = "<group>";
		};
		821E5BA21C0229C100F90770 /* View */ = {
			isa = PBXGroup;
			children = (
				821E5BA31C0229E000F90770 /* MCBirthdayDatePicker.h */,
				821E5BA41C0229E000F90770 /* MCBirthdayDatePicker.m */,
				821E5BA61C0229EB00F90770 /* MCBirthdayDatePicker.xib */,
			);
			path = View;
			sourceTree = "<group>";
		};
		821FF0B51BF398B400EBC169 /* Dream */ = {
			isa = PBXGroup;
			children = (
				82198F261BF70E4C00EAF2E5 /* Controller */,
				829C08371BF4D35C0043905E /* View */,
				4C28F2671BF4212E0017DAF0 /* Model */,
				4C28F2531BF41EA00017DAF0 /* Helper */,
				821FF0B61BF398B400EBC169 /* Resources */,
			);
			path = Dream;
			sourceTree = "<group>";
		};
		821FF0B61BF398B400EBC169 /* Resources */ = {
			isa = PBXGroup;
			children = (
				821FF0B71BF398C200EBC169 /* dream.sqlite */,
				4C8D4DB71BF4593C002A3814 /* Dream.storyboard */,
			);
			path = Resources;
			sourceTree = "<group>";
		};
		822250641C00C51D00F60708 /* Address */ = {
			isa = PBXGroup;
			children = (
				822250651C00C53C00F60708 /* MCAddress.h */,
				822250661C00C53C00F60708 /* MCAddress.m */,
			);
			name = Address;
			sourceTree = "<group>";
		};
		82273FA91BDB297D00AFDEAF /* Root */ = {
			isa = PBXGroup;
			children = (
				4C4C96EC1BF30C0900471135 /* View */,
				820935C11BF231A800F032AA /* Helper */,
				820935C01BF2319B00F032AA /* Model */,
				821166661BE265C0009227D2 /* Resources */,
				82273FE11BDB2A9900AFDEAF /* Controller */,
			);
			path = Root;
			sourceTree = "<group>";
		};
		82273FC41BDB2A6100AFDEAF /* Controller */ = {
			isa = PBXGroup;
			children = (
				4C30C3101BDF767900E6E2C5 /* MCCollectionViewController.h */,
				4C30C3111BDF767900E6E2C5 /* MCCollectionViewController.m */,
				4C30C3121BDF767900E6E2C5 /* MCCollectionViewController.xib */,
				4C30C3131BDF767900E6E2C5 /* MCTableViewController.h */,
				4C30C3141BDF767900E6E2C5 /* MCTableViewController.m */,
				4C30C3151BDF767900E6E2C5 /* MCTableViewController.xib */,
				82273FC81BDB2A6100AFDEAF /* MCNavigationController.h */,
				82273FC91BDB2A6100AFDEAF /* MCNavigationController.m */,
				82273FCA1BDB2A6100AFDEAF /* MCNavigationController.xib */,
				82273FCB1BDB2A6100AFDEAF /* MCTabBarController.h */,
				82273FCC1BDB2A6100AFDEAF /* MCTabBarController.m */,
				82273FCD1BDB2A6100AFDEAF /* MCTabBarController.xib */,
				82273FD11BDB2A6100AFDEAF /* MCViewController.h */,
				82273FD21BDB2A6100AFDEAF /* MCViewController.m */,
				82273FD31BDB2A6100AFDEAF /* MCViewController.xib */,
				8209D7121BFE0118005029A1 /* MCImagePickerViewController.h */,
				8209D7131BFE0118005029A1 /* MCImagePickerViewController.m */,
				8209D7141BFE0118005029A1 /* MCImagePickerViewController.xib */,
			);
			path = Controller;
			sourceTree = "<group>";
		};
		82273FE11BDB2A9900AFDEAF /* Controller */ = {
			isa = PBXGroup;
			children = (
				82273FE21BDB2AB200AFDEAF /* MCRootViewController.h */,
				82B4D66A1BDE5D5C00FCA1C2 /* MCRootViewController.m */,
				82273FE41BDB2AB200AFDEAF /* MCRootViewController.xib */,
			);
			path = Controller;
			sourceTree = "<group>";
		};
		82273FE91BDB347800AFDEAF /* Weather */ = {
			isa = PBXGroup;
			children = (
				4CD06AFB1BF344220065E215 /* Resources */,
				82273FEA1BDB347800AFDEAF /* Controller */,
				82273FEB1BDB347800AFDEAF /* Helper */,
				82273FEC1BDB347800AFDEAF /* Model */,
			);
			path = Weather;
			sourceTree = "<group>";
		};
		82273FEA1BDB347800AFDEAF /* Controller */ = {
			isa = PBXGroup;
			children = (
				82273FEE1BDB395600AFDEAF /* MCWeatherViewController.h */,
				82273FEF1BDB395600AFDEAF /* MCWeatherViewController.m */,
				82273FF01BDB395600AFDEAF /* MCWeatherViewController.xib */,
				82273FF31BDB397B00AFDEAF /* MCRootWeatherViewController.h */,
				82273FF41BDB397B00AFDEAF /* MCRootWeatherViewController.m */,
				82273FF51BDB397B00AFDEAF /* MCRootWeatherViewController.xib */,
			);
			path = Controller;
			sourceTree = "<group>";
		};
		82273FEB1BDB347800AFDEAF /* Helper */ = {
			isa = PBXGroup;
			children = (
				82EFB7021BDC91EE008A978C /* MCWeatherManager.h */,
				82EFB7031BDC91EE008A978C /* MCWeatherManager.m */,
			);
			path = Helper;
			sourceTree = "<group>";
		};
		82273FEC1BDB347800AFDEAF /* Model */ = {
			isa = PBXGroup;
			children = (
				822250641C00C51D00F60708 /* Address */,
				4C30C2EE1BDF67E700E6E2C5 /* WeatherModel */,
				4C30C2ED1BDF67DB00E6E2C5 /* CityModel */,
			);
			path = Model;
			sourceTree = "<group>";
		};
		822E20EC1BD938FB00F41211 /* Resources */ = {
			isa = PBXGroup;
			children = (
				82273FE71BDB2F7800AFDEAF /* LaunchScreen.storyboard */,
			);
			path = Resources;
			sourceTree = "<group>";
		};
		822E20F11BD9394F00F41211 /* Common */ = {
			isa = PBXGroup;
			children = (
				82EFB7071BDC9ADB008A978C /* Helper */,
				82273FC41BDB2A6100AFDEAF /* Controller */,
			);
			path = Common;
			sourceTree = "<group>";
		};
		823476821BF8D2FD00A99554 /* View */ = {
			isa = PBXGroup;
			children = (
				823476831BF8D31C00A99554 /* MCSizeControlButton.h */,
				823476841BF8D31C00A99554 /* MCSizeControlButton.m */,
				823476861BF8D3DD00A99554 /* MCSizeControlChooseView.h */,
				823476871BF8D3DD00A99554 /* MCSizeControlChooseView.m */,
			);
			path = View;
			sourceTree = "<group>";
		};
		824D5CE31BFA3768006069FE /* View */ = {
			isa = PBXGroup;
			children = (
				824D5CE41BFA3786006069FE /* MCNotepadCell.h */,
				824D5CE51BFA3786006069FE /* MCNotepadCell.m */,
				824D5CE61BFA3786006069FE /* MCNotepadCell.xib */,
				8209D7171BFE0896005029A1 /* MCNotepadImageCell.h */,
				8209D7181BFE0896005029A1 /* MCNotepadImageCell.m */,
				8209D7191BFE0896005029A1 /* MCNotepadImageCell.xib */,
				82A085311C0041490051B23D /* MCNotepadBigImageCell.h */,
				82A085321C0041490051B23D /* MCNotepadBigImageCell.m */,
				82A085331C0041490051B23D /* MCNotepadBigImageCell.xib */,
			);
			path = View;
			sourceTree = "<group>";
		};
		829C08371BF4D35C0043905E /* View */ = {
			isa = PBXGroup;
			children = (
				8245AA031BF4D904009B5640 /* MCDreamCateSearchHeader.h */,
				8245AA041BF4D904009B5640 /* MCDreamCateSearchHeader.m */,
				8245AA051BF4D904009B5640 /* MCDreamCateSearchHeader.xib */,
				8245AA081BF4D91E009B5640 /* MCDreamCateCell.h */,
				8245AA091BF4D91E009B5640 /* MCDreamCateCell.m */,
				8245AA0A1BF4D91E009B5640 /* MCDreamCateCell.xib */,
				4C7657A91BF5874800FD75D3 /* MCDreamListCell.h */,
				4C7657AA1BF5874800FD75D3 /* MCDreamListCell.m */,
				4C7657AB1BF5874800FD75D3 /* MCDreamListCell.xib */,
			);
			path = View;
			sourceTree = "<group>";
		};
		82A085361C0051660051B23D /* Birthday */ = {
			isa = PBXGroup;
			children = (
				821E5BA21C0229C100F90770 /* View */,
				821E5B991C0212CD00F90770 /* Model */,
				821E5B951C0211A200F90770 /* Helper */,
				82A085371C0051660051B23D /* Controller */,
				82A085381C0051660051B23D /* Resources */,
			);
			path = Birthday;
			sourceTree = "<group>";
		};
		82A085371C0051660051B23D /* Controller */ = {
			isa = PBXGroup;
			children = (
				82A085391C0051900051B23D /* MCBirthdayViewController.h */,
				82A0853A1C0051900051B23D /* MCBirthdayViewController.m */,
				82A0853B1C0051900051B23D /* MCBirthdayViewController.xib */,
				821E5B9D1C021F9800F90770 /* MCBirthdayEditViewController.h */,
				821E5B9E1C021F9800F90770 /* MCBirthdayEditViewController.m */,
				821E5B9F1C021F9800F90770 /* MCBirthdayEditViewController.xib */,
			);
			path = Controller;
			sourceTree = "<group>";
		};
		82A085381C0051660051B23D /* Resources */ = {
			isa = PBXGroup;
			children = (
				82A0853E1C0051AC0051B23D /* Birthday.storyboard */,
			);
			path = Resources;
			sourceTree = "<group>";
		};
		82EFB7071BDC9ADB008A978C /* Helper */ = {
			isa = PBXGroup;
			children = (
				82EFB7081BDC9AE7008A978C /* MingleChang */,
				82B4D66F1BDE692100FCA1C2 /* APIStoreRequest.h */,
				82B4D6701BDE692100FCA1C2 /* APIStoreRequest.m */,
				4C30C2E61BDF0DF800E6E2C5 /* IPAddress.h */,
				4C30C2E71BDF0DF800E6E2C5 /* IPAddress.m */,
			);
			path = Helper;
			sourceTree = "<group>";
		};
		82EFB7081BDC9AE7008A978C /* MingleChang */ = {
			isa = PBXGroup;
			children = (
				4C4FB39E1BFF1692006D3325 /* MCImageViewExtension.h */,
				4C4FB39F1BFF1692006D3325 /* MCImageViewExtension.m */,
				820D63291BFCD88600205A82 /* MCDottedLineView.h */,
				820D632A1BFCD88600205A82 /* MCDottedLineView.m */,
				820D632C1BFCD96300205A82 /* MCLineView.h */,
				820D632D1BFCD96300205A82 /* MCLineView.m */,
				4C7657B81BF5917D00FD75D3 /* MCTextField.h */,
				4C7657B91BF5917D00FD75D3 /* MCTextField.m */,
				4C7657BA1BF5917D00FD75D3 /* MCTextView.h */,
				4C7657BB1BF5917D00FD75D3 /* MCTextView.m */,
				4C8109751BF1D27D00B5508D /* MCDate.h */,
				4C8109761BF1D27D00B5508D /* MCDate.m */,
				822250681C00C64C00F60708 /* MCDate+Info.h */,
				822250691C00C64C00F60708 /* MCDate+Info.m */,
				82022E8A1BF0EFB4002FC16C /* MCFilePath.h */,
				82022E8B1BF0EFB4002FC16C /* MCFilePath.m */,
				82022E871BF0EE38002FC16C /* MCCacheManager.h */,
				82022E881BF0EE38002FC16C /* MCCacheManager.m */,
				82B4D6671BDE51C500FCA1C2 /* MCLocationManager.h */,
				82B4D6681BDE51C500FCA1C2 /* MCLocationManager.m */,
				82EFB7151BDC9AE7008A978C /* MCDevice.h */,
				82EFB7161BDC9AE7008A978C /* MCDevice.m */,
				82EFB7191BDC9AE7008A978C /* MCDrawImage.h */,
				82EFB71A1BDC9AE7008A978C /* MCDrawImage.m */,
				82EFB71B1BDC9AE7008A978C /* MCHTTPConnection.h */,
				82EFB71C1BDC9AE7008A978C /* MCHTTPConnection.m */,
				82EFB71D1BDC9AE7008A978C /* MCImageExtension.h */,
				82EFB71E1BDC9AE7008A978C /* MCImageExtension.m */,
				8222505E1C00C08200F60708 /* MCDateExtension.h */,
				8222505F1C00C08200F60708 /* MCDateExtension.m */,
				822250601C00C08200F60708 /* MCStringExtension.h */,
				822250611C00C08200F60708 /* MCStringExtension.m */,
				82EFB7211BDC9AE7008A978C /* MingleChang.h */,
			);
			path = MingleChang;
			sourceTree = "<group>";
		};
		8FD0331F0B03CCEACDF3F8C4 /* Frameworks */ = {
			isa = PBXGroup;
			children = (
				AC339506E995F7AFD8AFAFAD /* libPods.a */,
			);
			name = Frameworks;
			sourceTree = "<group>";
		};
		A366C7F1B83D8A0343408F9E /* Pods */ = {
			isa = PBXGroup;
			children = (
				C6E6F4DCD596D768B5724709 /* Pods.debug.xcconfig */,
				BC0553AA50D7379E8A437931 /* Pods.release.xcconfig */,
			);
			name = Pods;
			sourceTree = "<group>";
		};
/* End PBXGroup section */

/* Begin PBXNativeTarget section */
		8205FE381BD68BB400EC838E /* Tools */ = {
			isa = PBXNativeTarget;
			buildConfigurationList = 8205FE501BD68BB500EC838E /* Build configuration list for PBXNativeTarget "Tools" */;
			buildPhases = (
				9AAB172982BA8D9D9726F58D /* Check Pods Manifest.lock */,
				8205FE351BD68BB400EC838E /* Sources */,
				8205FE361BD68BB400EC838E /* Frameworks */,
				8205FE371BD68BB400EC838E /* Resources */,
				317EF789F1AF0578DFB1B780 /* Embed Pods Frameworks */,
				1C9324991F283512F65853F9 /* Copy Pods Resources */,
			);
			buildRules = (
			);
			dependencies = (
			);
			name = Tools;
			productName = Tools;
			productReference = 8205FE391BD68BB400EC838E /* Tools.app */;
			productType = "com.apple.product-type.application";
		};
/* End PBXNativeTarget section */

/* Begin PBXProject section */
		8205FE311BD68BB400EC838E /* Project object */ = {
			isa = PBXProject;
			attributes = {
				LastUpgradeCheck = 0700;
				ORGANIZATIONNAME = Mingle;
				TargetAttributes = {
					8205FE381BD68BB400EC838E = {
						CreatedOnToolsVersion = 7.0.1;
					};
				};
			};
			buildConfigurationList = 8205FE341BD68BB400EC838E /* Build configuration list for PBXProject "Tools" */;
			compatibilityVersion = "Xcode 3.2";
			developmentRegion = English;
			hasScannedForEncodings = 0;
			knownRegions = (
				en,
				Base,
			);
			mainGroup = 8205FE301BD68BB400EC838E;
			productRefGroup = 8205FE3A1BD68BB400EC838E /* Products */;
			projectDirPath = "";
			projectRoot = "";
			targets = (
				8205FE381BD68BB400EC838E /* Tools */,
			);
		};
/* End PBXProject section */

/* Begin PBXResourcesBuildPhase section */
		8205FE371BD68BB400EC838E /* Resources */ = {
			isa = PBXResourcesBuildPhase;
			buildActionMask = 2147483647;
			files = (
				8245AA0C1BF4D91E009B5640 /* MCDreamCateCell.xib in Resources */,
				824D5CE81BFA3786006069FE /* MCNotepadCell.xib in Resources */,
				82198F351BF70E4C00EAF2E5 /* MCDreamListViewController.xib in Resources */,
				82A0853D1C0051900051B23D /* MCBirthdayViewController.xib in Resources */,
				4C7657B21BF58F4F00FD75D3 /* Compass.storyboard in Resources */,
				4CD06AFE1BF344220065E215 /* Weather.storyboard in Resources */,
				82198F421BF70EBF00EAF2E5 /* MCNotepadViewController.xib in Resources */,
				82273FF21BDB395600AFDEAF /* MCWeatherViewController.xib in Resources */,
				820935CC1BF2340100F032AA /* tools.json in Resources */,
				4CD06AFF1BF344220065E215 /* weather_citylist.json in Resources */,
				4C7657AD1BF5874800FD75D3 /* MCDreamListCell.xib in Resources */,
				82198F4D1BF710B700EAF2E5 /* SizeControl.storyboard in Resources */,
				821FF0B81BF398C200EBC169 /* dream.sqlite in Resources */,
				82198F3D1BF70E9800EAF2E5 /* Notepad.storyboard in Resources */,
				4CD06AFA1BF33BD00065E215 /* Mirror.storyboard in Resources */,
				8205FE491BD68BB500EC838E /* Assets.xcassets in Resources */,
				82198F521BF710CA00EAF2E5 /* MCSizeControlViewController.xib in Resources */,
				82273FE81BDB2F7800AFDEAF /* LaunchScreen.storyboard in Resources */,
				82198F3B1BF70E6400EAF2E5 /* MCFlashlightViewController.xib in Resources */,
				82A085351C0041490051B23D /* MCNotepadBigImageCell.xib in Resources */,
				82273FE61BDB2AB200AFDEAF /* MCRootViewController.xib in Resources */,
				821166681BE265D0009227D2 /* Root.storyboard in Resources */,
				4CD06AF81BF33BC30065E215 /* Flashlight.storyboard in Resources */,
				82198F331BF70E4C00EAF2E5 /* MCDreamDetailViewController.xib in Resources */,
				82D806251BFB7FE00092F3D4 /* MCNotepadEditViewController.xib in Resources */,
				821E5BA71C0229EB00F90770 /* MCBirthdayDatePicker.xib in Resources */,
				82273FDD1BDB2A6100AFDEAF /* MCViewController.xib in Resources */,
				8209D71B1BFE0896005029A1 /* MCNotepadImageCell.xib in Resources */,
				8209D7161BFE0118005029A1 /* MCImagePickerViewController.xib in Resources */,
				82198F481BF7106D00EAF2E5 /* MCMirrorViewController.xib in Resources */,
				82A0853F1C0051AC0051B23D /* Birthday.storyboard in Resources */,
				4C8D4DB81BF4593C002A3814 /* Dream.storyboard in Resources */,
				4C4C96F11BF30C2100471135 /* MCToolCell.xib in Resources */,
				82273FD91BDB2A6100AFDEAF /* MCTabBarController.xib in Resources */,
				8245AA071BF4D904009B5640 /* MCDreamCateSearchHeader.xib in Resources */,
				82273FD71BDB2A6100AFDEAF /* MCNavigationController.xib in Resources */,
				4C30C3171BDF767900E6E2C5 /* MCCollectionViewController.xib in Resources */,
				4C4FB39D1BFF11C8006D3325 /* MCNotepadImageShowViewController.xib in Resources */,
				82273FF71BDB397B00AFDEAF /* MCRootWeatherViewController.xib in Resources */,
				82198F311BF70E4C00EAF2E5 /* MCDreamCateViewController.xib in Resources */,
				82198F251BF70E3900EAF2E5 /* MCCompassViewController.xib in Resources */,
				821E5BA11C021F9800F90770 /* MCBirthdayEditViewController.xib in Resources */,
				4C30C3191BDF767900E6E2C5 /* MCTableViewController.xib in Resources */,
			);
			runOnlyForDeploymentPostprocessing = 0;
		};
/* End PBXResourcesBuildPhase section */

/* Begin PBXShellScriptBuildPhase section */
		1C9324991F283512F65853F9 /* Copy Pods Resources */ = {
			isa = PBXShellScriptBuildPhase;
			buildActionMask = 2147483647;
			files = (
			);
			inputPaths = (
			);
			name = "Copy Pods Resources";
			outputPaths = (
			);
			runOnlyForDeploymentPostprocessing = 0;
			shellPath = /bin/sh;
			shellScript = "\"${SRCROOT}/Pods/Target Support Files/Pods/Pods-resources.sh\"\n";
			showEnvVarsInLog = 0;
		};
		317EF789F1AF0578DFB1B780 /* Embed Pods Frameworks */ = {
			isa = PBXShellScriptBuildPhase;
			buildActionMask = 2147483647;
			files = (
			);
			inputPaths = (
			);
			name = "Embed Pods Frameworks";
			outputPaths = (
			);
			runOnlyForDeploymentPostprocessing = 0;
			shellPath = /bin/sh;
			shellScript = "\"${SRCROOT}/Pods/Target Support Files/Pods/Pods-frameworks.sh\"\n";
			showEnvVarsInLog = 0;
		};
		9AAB172982BA8D9D9726F58D /* Check Pods Manifest.lock */ = {
			isa = PBXShellScriptBuildPhase;
			buildActionMask = 2147483647;
			files = (
			);
			inputPaths = (
			);
			name = "Check Pods Manifest.lock";
			outputPaths = (
			);
			runOnlyForDeploymentPostprocessing = 0;
			shellPath = /bin/sh;
			shellScript = "diff \"${PODS_ROOT}/../Podfile.lock\" \"${PODS_ROOT}/Manifest.lock\" > /dev/null\nif [[ $? != 0 ]] ; then\n    cat << EOM\nerror: The sandbox is not in sync with the Podfile.lock. Run 'pod install' or update your CocoaPods installation.\nEOM\n    exit 1\nfi\n";
			showEnvVarsInLog = 0;
		};
/* End PBXShellScriptBuildPhase section */

/* Begin PBXSourcesBuildPhase section */
		8205FE351BD68BB400EC838E /* Sources */ = {
			isa = PBXSourcesBuildPhase;
			buildActionMask = 2147483647;
			files = (
				4C30C2FA1BDF6BB900E6E2C5 /* MCWeatherCond.m in Sources */,
				4C28F26A1BF4213B0017DAF0 /* MCDreamCate.m in Sources */,
				822D2D591BDFB4AC00BB0CD1 /* MCWeatherNow.m in Sources */,
				4C44BAD31BF9A41C005D5FEA /* MCNotepadManager.m in Sources */,
				820935CF1BF2341500F032AA /* MCToolCate.m in Sources */,
				4C4C96F01BF30C2100471135 /* MCToolCell.m in Sources */,
				4C8109771BF1D27D00B5508D /* MCDate.m in Sources */,
				4C7657BC1BF5917D00FD75D3 /* MCTextField.m in Sources */,
				82359E341BF37376000AB501 /* MCRootChooseView.m in Sources */,
				4C30C2F41BDF6B4000E6E2C5 /* MCWeatherSuggestion.m in Sources */,
				4C30C30F1BDF6E7500E6E2C5 /* MCWeatherInfo.m in Sources */,
				4C44BAD81BF9A6CB005D5FEA /* MCNotepad.m in Sources */,
				4C7657BD1BF5917D00FD75D3 /* MCTextView.m in Sources */,
				820935CA1BF231F600F032AA /* MCToolManager.m in Sources */,
				821E5B981C0211D000F90770 /* MCBirthdayManager.m in Sources */,
				4C30C3061BDF6CEC00E6E2C5 /* MCWeatherTmp.m in Sources */,
				82273FDC1BDB2A6100AFDEAF /* MCViewController.m in Sources */,
				82D806241BFB7FE00092F3D4 /* MCNotepadEditViewController.m in Sources */,
				8205FE3E1BD68BB400EC838E /* main.m in Sources */,
				82A0853C1C0051900051B23D /* MCBirthdayViewController.m in Sources */,
				820D632B1BFCD88600205A82 /* MCDottedLineView.m in Sources */,
				82198F341BF70E4C00EAF2E5 /* MCDreamListViewController.m in Sources */,
				4C30C2E81BDF0DF800E6E2C5 /* IPAddress.m in Sources */,
				82198F321BF70E4C00EAF2E5 /* MCDreamDetailViewController.m in Sources */,
				82198F511BF710CA00EAF2E5 /* MCSizeControlViewController.m in Sources */,
				4C7657AC1BF5874800FD75D3 /* MCDreamListCell.m in Sources */,
				4C4FB3A01BFF1692006D3325 /* MCImageViewExtension.m in Sources */,
				82B4D66B1BDE5D5C00FCA1C2 /* MCRootViewController.m in Sources */,
				82273FF11BDB395600AFDEAF /* MCWeatherViewController.m in Sources */,
				8245AA0B1BF4D91E009B5640 /* MCDreamCateCell.m in Sources */,
				82198F301BF70E4C00EAF2E5 /* MCDreamCateViewController.m in Sources */,
				82198F471BF7106D00EAF2E5 /* MCMirrorViewController.m in Sources */,
				4C30C3001BDF6C8000E6E2C5 /* MCWeatherHourInfo.m in Sources */,
				821E5BA01C021F9800F90770 /* MCBirthdayEditViewController.m in Sources */,
				82EFB7011BDC8E6E008A978C /* MCWeatherArea.m in Sources */,
				8222506A1C00C64C00F60708 /* MCDate+Info.m in Sources */,
				821E5BA51C0229E000F90770 /* MCBirthdayDatePicker.m in Sources */,
				82EFB72B1BDC9AE7008A978C /* MCHTTPConnection.m in Sources */,
				82EFB7281BDC9AE7008A978C /* MCDevice.m in Sources */,
				829C08361BF4C9090043905E /* AppDelegate+Base.m in Sources */,
				82273FF61BDB397B00AFDEAF /* MCRootWeatherViewController.m in Sources */,
				82273FD81BDB2A6100AFDEAF /* MCTabBarController.m in Sources */,
				4C28F2661BF41F450017DAF0 /* MCDreamManager.m in Sources */,
				4C30C30C1BDF6D1500E6E2C5 /* MCWeatherUpdate.m in Sources */,
				821E5B9C1C0212DF00F90770 /* MCBirthday.m in Sources */,
				822250671C00C53C00F60708 /* MCAddress.m in Sources */,
				820D632E1BFCD96300205A82 /* MCLineView.m in Sources */,
				82EFB7041BDC91EE008A978C /* MCWeatherManager.m in Sources */,
				822250621C00C08200F60708 /* MCDateExtension.m in Sources */,
				820935D21BF2342300F032AA /* MCTool.m in Sources */,
				824D5CE71BFA3786006069FE /* MCNotepadCell.m in Sources */,
				82A085341C0041490051B23D /* MCNotepadBigImageCell.m in Sources */,
				82022E891BF0EE38002FC16C /* MCCacheManager.m in Sources */,
				82198F411BF70EBF00EAF2E5 /* MCNotepadViewController.m in Sources */,
				4C30C3161BDF767900E6E2C5 /* MCCollectionViewController.m in Sources */,
				4C28F26D1BF4214B0017DAF0 /* MCZGDream.m in Sources */,
				823476881BF8D3DD00A99554 /* MCSizeControlChooseView.m in Sources */,
				82B4D6711BDE692100FCA1C2 /* APIStoreRequest.m in Sources */,
				82EFB6FB1BDC8E4B008A978C /* MCWeatherProvince.m in Sources */,
				4C30C2F71BDF6B7200E6E2C5 /* MCWeatherWind.m in Sources */,
				82022E8C1BF0EFB4002FC16C /* MCFilePath.m in Sources */,
				82198F241BF70E3900EAF2E5 /* MCCompassViewController.m in Sources */,
				82EFB72A1BDC9AE7008A978C /* MCDrawImage.m in Sources */,
				8209D7151BFE0118005029A1 /* MCImagePickerViewController.m in Sources */,
				822250631C00C08200F60708 /* MCStringExtension.m in Sources */,
				82EFB72C1BDC9AE7008A978C /* MCImageExtension.m in Sources */,
				4C30C3091BDF6D0500E6E2C5 /* MCWeatherBasic.m in Sources */,
				82273FD61BDB2A6100AFDEAF /* MCNavigationController.m in Sources */,
				8245AA061BF4D904009B5640 /* MCDreamCateSearchHeader.m in Sources */,
				4C30C2F11BDF6AAC00E6E2C5 /* MCWeatherIndex.m in Sources */,
				82198F3A1BF70E6400EAF2E5 /* MCFlashlightViewController.m in Sources */,
				82273FE01BDB2A8B00AFDEAF /* AppDelegate.m in Sources */,
				823476851BF8D31C00A99554 /* MCSizeControlButton.m in Sources */,
				82B4D6691BDE51C500FCA1C2 /* MCLocationManager.m in Sources */,
				82EFB6FE1BDC8E5B008A978C /* MCWeatherCity.m in Sources */,
				4C30C3181BDF767900E6E2C5 /* MCTableViewController.m in Sources */,
				4C30C2FD1BDF6C2900E6E2C5 /* MCWeatherDayInfo.m in Sources */,
				8209D71A1BFE0896005029A1 /* MCNotepadImageCell.m in Sources */,
				4C30C3031BDF6CB800E6E2C5 /* MCWeatherAstro.m in Sources */,
				4C4FB39C1BFF11C8006D3325 /* MCNotepadImageShowViewController.m in Sources */,
			);
			runOnlyForDeploymentPostprocessing = 0;
		};
/* End PBXSourcesBuildPhase section */

/* Begin XCBuildConfiguration section */
		8205FE4E1BD68BB500EC838E /* Debug */ = {
			isa = XCBuildConfiguration;
			buildSettings = {
				ALWAYS_SEARCH_USER_PATHS = NO;
				CLANG_CXX_LANGUAGE_STANDARD = "gnu++0x";
				CLANG_CXX_LIBRARY = "libc++";
				CLANG_ENABLE_MODULES = YES;
				CLANG_ENABLE_OBJC_ARC = YES;
				CLANG_WARN_BOOL_CONVERSION = YES;
				CLANG_WARN_CONSTANT_CONVERSION = YES;
				CLANG_WARN_DIRECT_OBJC_ISA_USAGE = YES_ERROR;
				CLANG_WARN_EMPTY_BODY = YES;
				CLANG_WARN_ENUM_CONVERSION = YES;
				CLANG_WARN_INT_CONVERSION = YES;
				CLANG_WARN_OBJC_ROOT_CLASS = YES_ERROR;
				CLANG_WARN_UNREACHABLE_CODE = YES;
				CLANG_WARN__DUPLICATE_METHOD_MATCH = YES;
				"CODE_SIGN_IDENTITY[sdk=iphoneos*]" = "iPhone Developer";
				COPY_PHASE_STRIP = NO;
				DEBUG_INFORMATION_FORMAT = dwarf;
				ENABLE_STRICT_OBJC_MSGSEND = YES;
				ENABLE_TESTABILITY = YES;
				GCC_C_LANGUAGE_STANDARD = gnu99;
				GCC_DYNAMIC_NO_PIC = NO;
				GCC_NO_COMMON_BLOCKS = YES;
				GCC_OPTIMIZATION_LEVEL = 0;
				GCC_PREPROCESSOR_DEFINITIONS = (
					"DEBUG=1",
					"$(inherited)",
				);
				GCC_WARN_64_TO_32_BIT_CONVERSION = YES;
				GCC_WARN_ABOUT_RETURN_TYPE = YES_ERROR;
				GCC_WARN_UNDECLARED_SELECTOR = YES;
				GCC_WARN_UNINITIALIZED_AUTOS = YES_AGGRESSIVE;
				GCC_WARN_UNUSED_FUNCTION = YES;
				GCC_WARN_UNUSED_VARIABLE = YES;
				IPHONEOS_DEPLOYMENT_TARGET = 9.1;
				MTL_ENABLE_DEBUG_INFO = YES;
				ONLY_ACTIVE_ARCH = YES;
				SDKROOT = iphoneos;
			};
			name = Debug;
		};
		8205FE4F1BD68BB500EC838E /* Release */ = {
			isa = XCBuildConfiguration;
			buildSettings = {
				ALWAYS_SEARCH_USER_PATHS = NO;
				CLANG_CXX_LANGUAGE_STANDARD = "gnu++0x";
				CLANG_CXX_LIBRARY = "libc++";
				CLANG_ENABLE_MODULES = YES;
				CLANG_ENABLE_OBJC_ARC = YES;
				CLANG_WARN_BOOL_CONVERSION = YES;
				CLANG_WARN_CONSTANT_CONVERSION = YES;
				CLANG_WARN_DIRECT_OBJC_ISA_USAGE = YES_ERROR;
				CLANG_WARN_EMPTY_BODY = YES;
				CLANG_WARN_ENUM_CONVERSION = YES;
				CLANG_WARN_INT_CONVERSION = YES;
				CLANG_WARN_OBJC_ROOT_CLASS = YES_ERROR;
				CLANG_WARN_UNREACHABLE_CODE = YES;
				CLANG_WARN__DUPLICATE_METHOD_MATCH = YES;
				"CODE_SIGN_IDENTITY[sdk=iphoneos*]" = "iPhone Developer";
				COPY_PHASE_STRIP = NO;
				DEBUG_INFORMATION_FORMAT = "dwarf-with-dsym";
				ENABLE_NS_ASSERTIONS = NO;
				ENABLE_STRICT_OBJC_MSGSEND = YES;
				GCC_C_LANGUAGE_STANDARD = gnu99;
				GCC_NO_COMMON_BLOCKS = YES;
				GCC_WARN_64_TO_32_BIT_CONVERSION = YES;
				GCC_WARN_ABOUT_RETURN_TYPE = YES_ERROR;
				GCC_WARN_UNDECLARED_SELECTOR = YES;
				GCC_WARN_UNINITIALIZED_AUTOS = YES_AGGRESSIVE;
				GCC_WARN_UNUSED_FUNCTION = YES;
				GCC_WARN_UNUSED_VARIABLE = YES;
				IPHONEOS_DEPLOYMENT_TARGET = 9.1;
				MTL_ENABLE_DEBUG_INFO = NO;
				SDKROOT = iphoneos;
				VALIDATE_PRODUCT = YES;
			};
			name = Release;
		};
		8205FE511BD68BB500EC838E /* Debug */ = {
			isa = XCBuildConfiguration;
			baseConfigurationReference = C6E6F4DCD596D768B5724709 /* Pods.debug.xcconfig */;
			buildSettings = {
				ASSETCATALOG_COMPILER_APPICON_NAME = AppIcon;
				INFOPLIST_FILE = Tools/Info.plist;
				IPHONEOS_DEPLOYMENT_TARGET = 8.0;
				LD_RUNPATH_SEARCH_PATHS = "$(inherited) @executable_path/Frameworks";
				PRODUCT_BUNDLE_IDENTIFIER = mingle.chang.tools;
				PRODUCT_NAME = "$(TARGET_NAME)";
			};
			name = Debug;
		};
		8205FE521BD68BB500EC838E /* Release */ = {
			isa = XCBuildConfiguration;
			baseConfigurationReference = BC0553AA50D7379E8A437931 /* Pods.release.xcconfig */;
			buildSettings = {
				ASSETCATALOG_COMPILER_APPICON_NAME = AppIcon;
				INFOPLIST_FILE = Tools/Info.plist;
				IPHONEOS_DEPLOYMENT_TARGET = 8.0;
				LD_RUNPATH_SEARCH_PATHS = "$(inherited) @executable_path/Frameworks";
				PRODUCT_BUNDLE_IDENTIFIER = mingle.chang.tools;
				PRODUCT_NAME = "$(TARGET_NAME)";
			};
			name = Release;
		};
/* End XCBuildConfiguration section */

/* Begin XCConfigurationList section */
		8205FE341BD68BB400EC838E /* Build configuration list for PBXProject "Tools" */ = {
			isa = XCConfigurationList;
			buildConfigurations = (
				8205FE4E1BD68BB500EC838E /* Debug */,
				8205FE4F1BD68BB500EC838E /* Release */,
			);
			defaultConfigurationIsVisible = 0;
			defaultConfigurationName = Release;
		};
		8205FE501BD68BB500EC838E /* Build configuration list for PBXNativeTarget "Tools" */ = {
			isa = XCConfigurationList;
			buildConfigurations = (
				8205FE511BD68BB500EC838E /* Debug */,
				8205FE521BD68BB500EC838E /* Release */,
			);
			defaultConfigurationIsVisible = 0;
			defaultConfigurationName = Release;
		};
/* End XCConfigurationList section */
	};
	rootObject = 8205FE311BD68BB400EC838E /* Project object */;
}
